// !$*UTF8*$!
{
	archiveVersion = 1;
	classes = {
	};
	objectVersion = 56;
	objects = {

/* Begin PBXBuildFile section */
		0DA877996F0FA0E297109AC7 /* Pods_MovieListApp.framework in Frameworks */ = {isa = PBXBuildFile; fileRef = B28550B4505365E5B32D99E3 /* Pods_MovieListApp.framework */; };
		C95A247F2B4BC62E00FF6287 /* MovieAPIRepositoryProtocol.swift in Sources */ = {isa = PBXBuildFile; fileRef = C95A247E2B4BC62E00FF6287 /* MovieAPIRepositoryProtocol.swift */; };
		C95A24822B4BC70B00FF6287 /* MovieAPIRepository.swift in Sources */ = {isa = PBXBuildFile; fileRef = C95A24812B4BC70B00FF6287 /* MovieAPIRepository.swift */; };
		C95A248A2B4C13EE00FF6287 /* AppEnvironment.swift in Sources */ = {isa = PBXBuildFile; fileRef = C95A24892B4C13EE00FF6287 /* AppEnvironment.swift */; };
		C95A24902B4C568500FF6287 /* MovieResponseDTO.swift in Sources */ = {isa = PBXBuildFile; fileRef = C95A248F2B4C568500FF6287 /* MovieResponseDTO.swift */; };
		C95A24922B4C59BB00FF6287 /* BoxOfficeModel.swift in Sources */ = {isa = PBXBuildFile; fileRef = C95A24912B4C59BB00FF6287 /* BoxOfficeModel.swift */; };
		C95A24982B4C5EE500FF6287 /* DailyBoxOfficeListViewModel.swift in Sources */ = {isa = PBXBuildFile; fileRef = C95A24972B4C5EE500FF6287 /* DailyBoxOfficeListViewModel.swift */; };
		C95A249B2B4C631D00FF6287 /* MovieListViewModelProtocol.swift in Sources */ = {isa = PBXBuildFile; fileRef = C95A249A2B4C631D00FF6287 /* MovieListViewModelProtocol.swift */; };
		C95A249E2B4C6B6900FF6287 /* MovieCellViewModel.swift in Sources */ = {isa = PBXBuildFile; fileRef = C95A249D2B4C6B6900FF6287 /* MovieCellViewModel.swift */; };
		C9C360A42B53E79E00FF6D60 /* MovieListApp+Bundle.swift in Sources */ = {isa = PBXBuildFile; fileRef = C9C360A32B53E79E00FF6D60 /* MovieListApp+Bundle.swift */; };
		C9C360A82B53F7B200FF6D60 /* Coordinator.swift in Sources */ = {isa = PBXBuildFile; fileRef = C9C360A72B53F7B200FF6D60 /* Coordinator.swift */; };
		C9C360AD2B5410D600FF6D60 /* MovieListMainCoordinator.swift in Sources */ = {isa = PBXBuildFile; fileRef = C9C360AC2B5410D600FF6D60 /* MovieListMainCoordinator.swift */; };
		C9C360AF2B543A4800FF6D60 /* MovieDetailCoordinator.swift in Sources */ = {isa = PBXBuildFile; fileRef = C9C360AE2B543A4800FF6D60 /* MovieDetailCoordinator.swift */; };
		C9C360B12B5447EF00FF6D60 /* MovieEndPoint.swift in Sources */ = {isa = PBXBuildFile; fileRef = C9C360B02B5447EF00FF6D60 /* MovieEndPoint.swift */; };
		C9E0980F2B46E816002CB989 /* AppDelegate.swift in Sources */ = {isa = PBXBuildFile; fileRef = C9E0980E2B46E816002CB989 /* AppDelegate.swift */; };
		C9E098112B46E816002CB989 /* SceneDelegate.swift in Sources */ = {isa = PBXBuildFile; fileRef = C9E098102B46E816002CB989 /* SceneDelegate.swift */; };
		C9E098182B46E817002CB989 /* Assets.xcassets in Resources */ = {isa = PBXBuildFile; fileRef = C9E098172B46E817002CB989 /* Assets.xcassets */; };
		C9E0981B2B46E817002CB989 /* LaunchScreen.storyboard in Resources */ = {isa = PBXBuildFile; fileRef = C9E098192B46E817002CB989 /* LaunchScreen.storyboard */; };
		C9E0982D2B46EC89002CB989 /* MovieListViewController.swift in Sources */ = {isa = PBXBuildFile; fileRef = C9E0982C2B46EC89002CB989 /* MovieListViewController.swift */; };
		C9E098342B46F1AA002CB989 /* MovieCell.swift in Sources */ = {isa = PBXBuildFile; fileRef = C9E098332B46F1AA002CB989 /* MovieCell.swift */; };
		C9E098362B46F30C002CB989 /* DetailViewController.swift in Sources */ = {isa = PBXBuildFile; fileRef = C9E098352B46F30C002CB989 /* DetailViewController.swift */; };
		C9E098442B4736A3002CB989 /* NetworkManager.swift in Sources */ = {isa = PBXBuildFile; fileRef = C9E098432B4736A3002CB989 /* NetworkManager.swift */; };
		C9E098462B4736FB002CB989 /* NetworkError.swift in Sources */ = {isa = PBXBuildFile; fileRef = C9E098452B4736FB002CB989 /* NetworkError.swift */; };
/* End PBXBuildFile section */

/* Begin PBXFileReference section */
		B28550B4505365E5B32D99E3 /* Pods_MovieListApp.framework */ = {isa = PBXFileReference; explicitFileType = wrapper.framework; includeInIndex = 0; path = Pods_MovieListApp.framework; sourceTree = BUILT_PRODUCTS_DIR; };
		C903D7562B4D1209001E9FC0 /* Config.xcconfig */ = {isa = PBXFileReference; lastKnownFileType = text.xcconfig; path = Config.xcconfig; sourceTree = "<group>"; };
		C95A247E2B4BC62E00FF6287 /* MovieAPIRepositoryProtocol.swift */ = {isa = PBXFileReference; lastKnownFileType = sourcecode.swift; path = MovieAPIRepositoryProtocol.swift; sourceTree = "<group>"; };
		C95A24812B4BC70B00FF6287 /* MovieAPIRepository.swift */ = {isa = PBXFileReference; lastKnownFileType = sourcecode.swift; path = MovieAPIRepository.swift; sourceTree = "<group>"; };
		C95A24892B4C13EE00FF6287 /* AppEnvironment.swift */ = {isa = PBXFileReference; lastKnownFileType = sourcecode.swift; path = AppEnvironment.swift; sourceTree = "<group>"; };
		C95A248F2B4C568500FF6287 /* MovieResponseDTO.swift */ = {isa = PBXFileReference; lastKnownFileType = sourcecode.swift; path = MovieResponseDTO.swift; sourceTree = "<group>"; };
		C95A24912B4C59BB00FF6287 /* BoxOfficeModel.swift */ = {isa = PBXFileReference; lastKnownFileType = sourcecode.swift; path = BoxOfficeModel.swift; sourceTree = "<group>"; };
		C95A24972B4C5EE500FF6287 /* DailyBoxOfficeListViewModel.swift */ = {isa = PBXFileReference; lastKnownFileType = sourcecode.swift; path = DailyBoxOfficeListViewModel.swift; sourceTree = "<group>"; };
		C95A249A2B4C631D00FF6287 /* MovieListViewModelProtocol.swift */ = {isa = PBXFileReference; lastKnownFileType = sourcecode.swift; path = MovieListViewModelProtocol.swift; sourceTree = "<group>"; };
		C95A249D2B4C6B6900FF6287 /* MovieCellViewModel.swift */ = {isa = PBXFileReference; lastKnownFileType = sourcecode.swift; path = MovieCellViewModel.swift; sourceTree = "<group>"; };
		C9C360A32B53E79E00FF6D60 /* MovieListApp+Bundle.swift */ = {isa = PBXFileReference; lastKnownFileType = sourcecode.swift; path = "MovieListApp+Bundle.swift"; sourceTree = "<group>"; };
		C9C360A72B53F7B200FF6D60 /* Coordinator.swift */ = {isa = PBXFileReference; lastKnownFileType = sourcecode.swift; path = Coordinator.swift; sourceTree = "<group>"; };
		C9C360AC2B5410D600FF6D60 /* MovieListMainCoordinator.swift */ = {isa = PBXFileReference; lastKnownFileType = sourcecode.swift; path = MovieListMainCoordinator.swift; sourceTree = "<group>"; };
		C9C360AE2B543A4800FF6D60 /* MovieDetailCoordinator.swift */ = {isa = PBXFileReference; lastKnownFileType = sourcecode.swift; path = MovieDetailCoordinator.swift; sourceTree = "<group>"; };
		C9C360B02B5447EF00FF6D60 /* MovieEndPoint.swift */ = {isa = PBXFileReference; lastKnownFileType = sourcecode.swift; path = MovieEndPoint.swift; sourceTree = "<group>"; };
		C9E0980B2B46E816002CB989 /* MovieListApp.app */ = {isa = PBXFileReference; explicitFileType = wrapper.application; includeInIndex = 0; path = MovieListApp.app; sourceTree = BUILT_PRODUCTS_DIR; };
		C9E0980E2B46E816002CB989 /* AppDelegate.swift */ = {isa = PBXFileReference; lastKnownFileType = sourcecode.swift; path = AppDelegate.swift; sourceTree = "<group>"; };
		C9E098102B46E816002CB989 /* SceneDelegate.swift */ = {isa = PBXFileReference; lastKnownFileType = sourcecode.swift; path = SceneDelegate.swift; sourceTree = "<group>"; };
		C9E098172B46E817002CB989 /* Assets.xcassets */ = {isa = PBXFileReference; lastKnownFileType = folder.assetcatalog; path = Assets.xcassets; sourceTree = "<group>"; };
		C9E0981A2B46E817002CB989 /* Base */ = {isa = PBXFileReference; lastKnownFileType = file.storyboard; name = Base; path = Base.lproj/LaunchScreen.storyboard; sourceTree = "<group>"; };
		C9E0981C2B46E817002CB989 /* Info.plist */ = {isa = PBXFileReference; lastKnownFileType = text.plist.xml; path = Info.plist; sourceTree = "<group>"; };
		C9E0982C2B46EC89002CB989 /* MovieListViewController.swift */ = {isa = PBXFileReference; lastKnownFileType = sourcecode.swift; path = MovieListViewController.swift; sourceTree = "<group>"; };
		C9E098332B46F1AA002CB989 /* MovieCell.swift */ = {isa = PBXFileReference; lastKnownFileType = sourcecode.swift; path = MovieCell.swift; sourceTree = "<group>"; };
		C9E098352B46F30C002CB989 /* DetailViewController.swift */ = {isa = PBXFileReference; lastKnownFileType = sourcecode.swift; path = DetailViewController.swift; sourceTree = "<group>"; };
		C9E098432B4736A3002CB989 /* NetworkManager.swift */ = {isa = PBXFileReference; lastKnownFileType = sourcecode.swift; path = NetworkManager.swift; sourceTree = "<group>"; };
		C9E098452B4736FB002CB989 /* NetworkError.swift */ = {isa = PBXFileReference; lastKnownFileType = sourcecode.swift; path = NetworkError.swift; sourceTree = "<group>"; };
		D7AAA96E1ABA5F19BDE59CEF /* Pods-MovieListApp.debug.xcconfig */ = {isa = PBXFileReference; includeInIndex = 1; lastKnownFileType = text.xcconfig; name = "Pods-MovieListApp.debug.xcconfig"; path = "Target Support Files/Pods-MovieListApp/Pods-MovieListApp.debug.xcconfig"; sourceTree = "<group>"; };
		EEACC2905CE89FD2DD9DA3B0 /* Pods-MovieListApp.release.xcconfig */ = {isa = PBXFileReference; includeInIndex = 1; lastKnownFileType = text.xcconfig; name = "Pods-MovieListApp.release.xcconfig"; path = "Target Support Files/Pods-MovieListApp/Pods-MovieListApp.release.xcconfig"; sourceTree = "<group>"; };
/* End PBXFileReference section */

/* Begin PBXFrameworksBuildPhase section */
		C9E098082B46E816002CB989 /* Frameworks */ = {
			isa = PBXFrameworksBuildPhase;
			buildActionMask = 2147483647;
			files = (
				0DA877996F0FA0E297109AC7 /* Pods_MovieListApp.framework in Frameworks */,
			);
			runOnlyForDeploymentPostprocessing = 0;
		};
/* End PBXFrameworksBuildPhase section */

/* Begin PBXGroup section */
		224983664434A838A4DDBDC1 /* Frameworks */ = {
			isa = PBXGroup;
			children = (
				B28550B4505365E5B32D99E3 /* Pods_MovieListApp.framework */,
			);
			name = Frameworks;
			sourceTree = "<group>";
		};
		C95A247B2B4BB70700FF6287 /* Data */ = {
			isa = PBXGroup;
			children = (
				C9C360B02B5447EF00FF6D60 /* MovieEndPoint.swift */,
				C9E098422B473696002CB989 /* Network */,
				C95A247C2B4BB9B800FF6287 /* Repository */,
			);
			path = Data;
			sourceTree = "<group>";
		};
		C95A247C2B4BB9B800FF6287 /* Repository */ = {
			isa = PBXGroup;
			children = (
				C95A24802B4BC6F000FF6287 /* Implementation */,
				C95A247D2B4BC60F00FF6287 /* Interface */,
			);
			path = Repository;
			sourceTree = "<group>";
		};
		C95A247D2B4BC60F00FF6287 /* Interface */ = {
			isa = PBXGroup;
			children = (
				C95A247E2B4BC62E00FF6287 /* MovieAPIRepositoryProtocol.swift */,
			);
			path = Interface;
			sourceTree = "<group>";
		};
		C95A24802B4BC6F000FF6287 /* Implementation */ = {
			isa = PBXGroup;
			children = (
				C95A24812B4BC70B00FF6287 /* MovieAPIRepository.swift */,
			);
			path = Implementation;
			sourceTree = "<group>";
		};
		C95A24832B4BD48A00FF6287 /* DTO */ = {
			isa = PBXGroup;
			children = (
				C95A248F2B4C568500FF6287 /* MovieResponseDTO.swift */,
			);
			path = DTO;
			sourceTree = "<group>";
		};
		C95A24862B4BDEEC00FF6287 /* Entities */ = {
			isa = PBXGroup;
			children = (
				C95A24912B4C59BB00FF6287 /* BoxOfficeModel.swift */,
			);
			path = Entities;
			sourceTree = "<group>";
		};
		C95A24872B4BDF3F00FF6287 /* Presentation */ = {
			isa = PBXGroup;
			children = (
				C9C360AB2B5410B900FF6D60 /* Coordinators */,
				C9E098222B46E98E002CB989 /* Views */,
				C9E098302B46ED48002CB989 /* ViewModel */,
			);
			path = Presentation;
			sourceTree = "<group>";
		};
		C95A24882B4BF23100FF6287 /* Domain */ = {
			isa = PBXGroup;
			children = (
				C95A24862B4BDEEC00FF6287 /* Entities */,
			);
			path = Domain;
			sourceTree = "<group>";
		};
		C95A24992B4C630600FF6287 /* Interface */ = {
			isa = PBXGroup;
			children = (
				C95A249A2B4C631D00FF6287 /* MovieListViewModelProtocol.swift */,
			);
			path = Interface;
			sourceTree = "<group>";
		};
		C9C360A52B53F77900FF6D60 /* Common */ = {
			isa = PBXGroup;
			children = (
				C9C360A62B53F77F00FF6D60 /* Extension */,
			);
			path = Common;
			sourceTree = "<group>";
		};
		C9C360A62B53F77F00FF6D60 /* Extension */ = {
			isa = PBXGroup;
			children = (
				C9C360A32B53E79E00FF6D60 /* MovieListApp+Bundle.swift */,
			);
			path = Extension;
			sourceTree = "<group>";
		};
		C9C360AB2B5410B900FF6D60 /* Coordinators */ = {
			isa = PBXGroup;
			children = (
				C9C360AC2B5410D600FF6D60 /* MovieListMainCoordinator.swift */,
				C9C360AE2B543A4800FF6D60 /* MovieDetailCoordinator.swift */,
			);
			path = Coordinators;
			sourceTree = "<group>";
		};
		C9E098022B46E816002CB989 = {
			isa = PBXGroup;
			children = (
				C9E0980D2B46E816002CB989 /* MovieListApp */,
				C9E0980C2B46E816002CB989 /* Products */,
				E7AABD43E9EE44FBA0483D95 /* Pods */,
				224983664434A838A4DDBDC1 /* Frameworks */,
			);
			sourceTree = "<group>";
		};
		C9E0980C2B46E816002CB989 /* Products */ = {
			isa = PBXGroup;
			children = (
				C9E0980B2B46E816002CB989 /* MovieListApp.app */,
			);
			name = Products;
			sourceTree = "<group>";
		};
		C9E0980D2B46E816002CB989 /* MovieListApp */ = {
			isa = PBXGroup;
			children = (
				C9E0981C2B46E817002CB989 /* Info.plist */,
				C9E098392B4709BD002CB989 /* Source */,
				C9E098382B4709B2002CB989 /* Resource */,
			);
			path = MovieListApp;
			sourceTree = "<group>";
		};
		C9E098222B46E98E002CB989 /* Views */ = {
			isa = PBXGroup;
			children = (
				C9E098332B46F1AA002CB989 /* MovieCell.swift */,
				C9E0982C2B46EC89002CB989 /* MovieListViewController.swift */,
				C9E098352B46F30C002CB989 /* DetailViewController.swift */,
			);
			path = Views;
			sourceTree = "<group>";
		};
		C9E098302B46ED48002CB989 /* ViewModel */ = {
			isa = PBXGroup;
			children = (
				C95A24992B4C630600FF6287 /* Interface */,
				C95A24972B4C5EE500FF6287 /* DailyBoxOfficeListViewModel.swift */,
				C95A249D2B4C6B6900FF6287 /* MovieCellViewModel.swift */,
			);
			path = ViewModel;
			sourceTree = "<group>";
		};
		C9E098372B4709A2002CB989 /* App */ = {
			isa = PBXGroup;
			children = (
				C9E0980E2B46E816002CB989 /* AppDelegate.swift */,
				C9E098102B46E816002CB989 /* SceneDelegate.swift */,
				C95A24892B4C13EE00FF6287 /* AppEnvironment.swift */,
				C9C360A72B53F7B200FF6D60 /* Coordinator.swift */,
			);
			path = App;
			sourceTree = "<group>";
		};
		C9E098382B4709B2002CB989 /* Resource */ = {
			isa = PBXGroup;
			children = (
				C903D7562B4D1209001E9FC0 /* Config.xcconfig */,
				C9E098172B46E817002CB989 /* Assets.xcassets */,
				C9E098192B46E817002CB989 /* LaunchScreen.storyboard */,
			);
			path = Resource;
			sourceTree = "<group>";
		};
		C9E098392B4709BD002CB989 /* Source */ = {
			isa = PBXGroup;
			children = (
				C9E098372B4709A2002CB989 /* App */,
				C95A247B2B4BB70700FF6287 /* Data */,
				C95A24882B4BF23100FF6287 /* Domain */,
				C95A24872B4BDF3F00FF6287 /* Presentation */,
				C9C360A52B53F77900FF6D60 /* Common */,
			);
			path = Source;
			sourceTree = "<group>";
		};
		C9E098422B473696002CB989 /* Network */ = {
			isa = PBXGroup;
			children = (
				C9E098432B4736A3002CB989 /* NetworkManager.swift */,
				C9E098452B4736FB002CB989 /* NetworkError.swift */,
				C95A24832B4BD48A00FF6287 /* DTO */,
			);
			path = Network;
			sourceTree = "<group>";
		};
		E7AABD43E9EE44FBA0483D95 /* Pods */ = {
			isa = PBXGroup;
			children = (
				D7AAA96E1ABA5F19BDE59CEF /* Pods-MovieListApp.debug.xcconfig */,
				EEACC2905CE89FD2DD9DA3B0 /* Pods-MovieListApp.release.xcconfig */,
			);
			name = Pods;
			path = Pods;
			sourceTree = "<group>";
		};
/* End PBXGroup section */

/* Begin PBXNativeTarget section */
		C9E0980A2B46E816002CB989 /* MovieListApp */ = {
			isa = PBXNativeTarget;
			buildConfigurationList = C9E0981F2B46E817002CB989 /* Build configuration list for PBXNativeTarget "MovieListApp" */;
			buildPhases = (
				4A0BB5C2964CE874D4F2E715 /* [CP] Check Pods Manifest.lock */,
				C9E098072B46E816002CB989 /* Sources */,
				C9E098082B46E816002CB989 /* Frameworks */,
				C9E098092B46E816002CB989 /* Resources */,
				6CED0E6266A57EB5449F027F /* [CP] Embed Pods Frameworks */,
			);
			buildRules = (
			);
			dependencies = (
			);
			name = MovieListApp;
			productName = MovieListApp;
			productReference = C9E0980B2B46E816002CB989 /* MovieListApp.app */;
			productType = "com.apple.product-type.application";
		};
/* End PBXNativeTarget section */

/* Begin PBXProject section */
		C9E098032B46E816002CB989 /* Project object */ = {
			isa = PBXProject;
			attributes = {
				BuildIndependentTargetsInParallel = 1;
				LastSwiftUpdateCheck = 1500;
				LastUpgradeCheck = 1500;
				TargetAttributes = {
					C9E0980A2B46E816002CB989 = {
						CreatedOnToolsVersion = 15.0;
					};
				};
			};
			buildConfigurationList = C9E098062B46E816002CB989 /* Build configuration list for PBXProject "MovieListApp" */;
			compatibilityVersion = "Xcode 14.0";
			developmentRegion = en;
			hasScannedForEncodings = 0;
			knownRegions = (
				en,
				Base,
			);
			mainGroup = C9E098022B46E816002CB989;
			productRefGroup = C9E0980C2B46E816002CB989 /* Products */;
			projectDirPath = "";
			projectRoot = "";
			targets = (
				C9E0980A2B46E816002CB989 /* MovieListApp */,
			);
		};
/* End PBXProject section */

/* Begin PBXResourcesBuildPhase section */
		C9E098092B46E816002CB989 /* Resources */ = {
			isa = PBXResourcesBuildPhase;
			buildActionMask = 2147483647;
			files = (
				C9E0981B2B46E817002CB989 /* LaunchScreen.storyboard in Resources */,
				C9E098182B46E817002CB989 /* Assets.xcassets in Resources */,
			);
			runOnlyForDeploymentPostprocessing = 0;
		};
/* End PBXResourcesBuildPhase section */

/* Begin PBXShellScriptBuildPhase section */
		4A0BB5C2964CE874D4F2E715 /* [CP] Check Pods Manifest.lock */ = {
			isa = PBXShellScriptBuildPhase;
			buildActionMask = 2147483647;
			files = (
			);
			inputFileListPaths = (
			);
			inputPaths = (
				"${PODS_PODFILE_DIR_PATH}/Podfile.lock",
				"${PODS_ROOT}/Manifest.lock",
			);
			name = "[CP] Check Pods Manifest.lock";
			outputFileListPaths = (
			);
			outputPaths = (
				"$(DERIVED_FILE_DIR)/Pods-MovieListApp-checkManifestLockResult.txt",
			);
			runOnlyForDeploymentPostprocessing = 0;
			shellPath = /bin/sh;
			shellScript = "diff \"${PODS_PODFILE_DIR_PATH}/Podfile.lock\" \"${PODS_ROOT}/Manifest.lock\" > /dev/null\nif [ $? != 0 ] ; then\n    # print error to STDERR\n    echo \"error: The sandbox is not in sync with the Podfile.lock. Run 'pod install' or update your CocoaPods installation.\" >&2\n    exit 1\nfi\n# This output is used by Xcode 'outputs' to avoid re-running this script phase.\necho \"SUCCESS\" > \"${SCRIPT_OUTPUT_FILE_0}\"\n";
			showEnvVarsInLog = 0;
		};
		6CED0E6266A57EB5449F027F /* [CP] Embed Pods Frameworks */ = {
			isa = PBXShellScriptBuildPhase;
			buildActionMask = 2147483647;
			files = (
			);
			inputFileListPaths = (
				"${PODS_ROOT}/Target Support Files/Pods-MovieListApp/Pods-MovieListApp-frameworks-${CONFIGURATION}-input-files.xcfilelist",
			);
			name = "[CP] Embed Pods Frameworks";
			outputFileListPaths = (
				"${PODS_ROOT}/Target Support Files/Pods-MovieListApp/Pods-MovieListApp-frameworks-${CONFIGURATION}-output-files.xcfilelist",
			);
			runOnlyForDeploymentPostprocessing = 0;
			shellPath = /bin/sh;
			shellScript = "\"${PODS_ROOT}/Target Support Files/Pods-MovieListApp/Pods-MovieListApp-frameworks.sh\"\n";
			showEnvVarsInLog = 0;
		};
/* End PBXShellScriptBuildPhase section */

/* Begin PBXSourcesBuildPhase section */
		C9E098072B46E816002CB989 /* Sources */ = {
			isa = PBXSourcesBuildPhase;
			buildActionMask = 2147483647;
			files = (
				C95A249B2B4C631D00FF6287 /* MovieListViewModelProtocol.swift in Sources */,
				C9E0980F2B46E816002CB989 /* AppDelegate.swift in Sources */,
				C9C360B12B5447EF00FF6D60 /* MovieEndPoint.swift in Sources */,
				C9E098342B46F1AA002CB989 /* MovieCell.swift in Sources */,
				C95A249E2B4C6B6900FF6287 /* MovieCellViewModel.swift in Sources */,
				C95A24822B4BC70B00FF6287 /* MovieAPIRepository.swift in Sources */,
				C95A248A2B4C13EE00FF6287 /* AppEnvironment.swift in Sources */,
				C9C360AD2B5410D600FF6D60 /* MovieListMainCoordinator.swift in Sources */,
				C95A24982B4C5EE500FF6287 /* DailyBoxOfficeListViewModel.swift in Sources */,
				C95A24902B4C568500FF6287 /* MovieResponseDTO.swift in Sources */,
				C9E0982D2B46EC89002CB989 /* MovieListViewController.swift in Sources */,
				C95A247F2B4BC62E00FF6287 /* MovieAPIRepositoryProtocol.swift in Sources */,
				C9C360A82B53F7B200FF6D60 /* Coordinator.swift in Sources */,
				C9E098442B4736A3002CB989 /* NetworkManager.swift in Sources */,
				C9E098462B4736FB002CB989 /* NetworkError.swift in Sources */,
				C9E098362B46F30C002CB989 /* DetailViewController.swift in Sources */,
				C9C360A42B53E79E00FF6D60 /* MovieListApp+Bundle.swift in Sources */,
				C95A24922B4C59BB00FF6287 /* BoxOfficeModel.swift in Sources */,
				C9E098112B46E816002CB989 /* SceneDelegate.swift in Sources */,
				C9C360AF2B543A4800FF6D60 /* MovieDetailCoordinator.swift in Sources */,
			);
			runOnlyForDeploymentPostprocessing = 0;
		};
/* End PBXSourcesBuildPhase section */

/* Begin PBXVariantGroup section */
		C9E098192B46E817002CB989 /* LaunchScreen.storyboard */ = {
			isa = PBXVariantGroup;
			children = (
				C9E0981A2B46E817002CB989 /* Base */,
			);
			name = LaunchScreen.storyboard;
			sourceTree = "<group>";
		};
/* End PBXVariantGroup section */

/* Begin XCBuildConfiguration section */
		C9E0981D2B46E817002CB989 /* Debug */ = {
			isa = XCBuildConfiguration;
			baseConfigurationReference = C903D7562B4D1209001E9FC0 /* Config.xcconfig */;
			buildSettings = {
				ALWAYS_SEARCH_USER_PATHS = NO;
				ASSETCATALOG_COMPILER_GENERATE_SWIFT_ASSET_SYMBOL_EXTENSIONS = YES;
				CLANG_ANALYZER_NONNULL = YES;
				CLANG_ANALYZER_NUMBER_OBJECT_CONVERSION = YES_AGGRESSIVE;
				CLANG_CXX_LANGUAGE_STANDARD = "gnu++20";
				CLANG_ENABLE_MODULES = YES;
				CLANG_ENABLE_OBJC_ARC = YES;
				CLANG_ENABLE_OBJC_WEAK = YES;
				CLANG_WARN_BLOCK_CAPTURE_AUTORELEASING = YES;
				CLANG_WARN_BOOL_CONVERSION = YES;
				CLANG_WARN_COMMA = YES;
				CLANG_WARN_CONSTANT_CONVERSION = YES;
				CLANG_WARN_DEPRECATED_OBJC_IMPLEMENTATIONS = YES;
				CLANG_WARN_DIRECT_OBJC_ISA_USAGE = YES_ERROR;
				CLANG_WARN_DOCUMENTATION_COMMENTS = YES;
				CLANG_WARN_EMPTY_BODY = YES;
				CLANG_WARN_ENUM_CONVERSION = YES;
				CLANG_WARN_INFINITE_RECURSION = YES;
				CLANG_WARN_INT_CONVERSION = YES;
				CLANG_WARN_NON_LITERAL_NULL_CONVERSION = YES;
				CLANG_WARN_OBJC_IMPLICIT_RETAIN_SELF = YES;
				CLANG_WARN_OBJC_LITERAL_CONVERSION = YES;
				CLANG_WARN_OBJC_ROOT_CLASS = YES_ERROR;
				CLANG_WARN_QUOTED_INCLUDE_IN_FRAMEWORK_HEADER = YES;
				CLANG_WARN_RANGE_LOOP_ANALYSIS = YES;
				CLANG_WARN_STRICT_PROTOTYPES = YES;
				CLANG_WARN_SUSPICIOUS_MOVE = YES;
				CLANG_WARN_UNGUARDED_AVAILABILITY = YES_AGGRESSIVE;
				CLANG_WARN_UNREACHABLE_CODE = YES;
				CLANG_WARN__DUPLICATE_METHOD_MATCH = YES;
				COPY_PHASE_STRIP = NO;
				DEBUG_INFORMATION_FORMAT = dwarf;
				ENABLE_STRICT_OBJC_MSGSEND = YES;
				ENABLE_TESTABILITY = YES;
				ENABLE_USER_SCRIPT_SANDBOXING = YES;
				GCC_C_LANGUAGE_STANDARD = gnu17;
				GCC_DYNAMIC_NO_PIC = NO;
				GCC_NO_COMMON_BLOCKS = YES;
				GCC_OPTIMIZATION_LEVEL = 0;
				GCC_PREPROCESSOR_DEFINITIONS = (
					"DEBUG=1",
					"$(inherited)",
				);
				GCC_WARN_64_TO_32_BIT_CONVERSION = YES;
				GCC_WARN_ABOUT_RETURN_TYPE = YES_ERROR;
				GCC_WARN_UNDECLARED_SELECTOR = YES;
				GCC_WARN_UNINITIALIZED_AUTOS = YES_AGGRESSIVE;
				GCC_WARN_UNUSED_FUNCTION = YES;
				GCC_WARN_UNUSED_VARIABLE = YES;
				IPHONEOS_DEPLOYMENT_TARGET = 17.0;
				LOCALIZATION_PREFERS_STRING_CATALOGS = YES;
				MTL_ENABLE_DEBUG_INFO = INCLUDE_SOURCE;
				MTL_FAST_MATH = YES;
				ONLY_ACTIVE_ARCH = YES;
				SDKROOT = iphoneos;
				SWIFT_ACTIVE_COMPILATION_CONDITIONS = "DEBUG $(inherited)";
				SWIFT_OPTIMIZATION_LEVEL = "-Onone";
			};
			name = Debug;
		};
		C9E0981E2B46E817002CB989 /* Release */ = {
			isa = XCBuildConfiguration;
			buildSettings = {
				ALWAYS_SEARCH_USER_PATHS = NO;
				ASSETCATALOG_COMPILER_GENERATE_SWIFT_ASSET_SYMBOL_EXTENSIONS = YES;
				CLANG_ANALYZER_NONNULL = YES;
				CLANG_ANALYZER_NUMBER_OBJECT_CONVERSION = YES_AGGRESSIVE;
				CLANG_CXX_LANGUAGE_STANDARD = "gnu++20";
				CLANG_ENABLE_MODULES = YES;
				CLANG_ENABLE_OBJC_ARC = YES;
				CLANG_ENABLE_OBJC_WEAK = YES;
				CLANG_WARN_BLOCK_CAPTURE_AUTORELEASING = YES;
				CLANG_WARN_BOOL_CONVERSION = YES;
				CLANG_WARN_COMMA = YES;
				CLANG_WARN_CONSTANT_CONVERSION = YES;
				CLANG_WARN_DEPRECATED_OBJC_IMPLEMENTATIONS = YES;
				CLANG_WARN_DIRECT_OBJC_ISA_USAGE = YES_ERROR;
				CLANG_WARN_DOCUMENTATION_COMMENTS = YES;
				CLANG_WARN_EMPTY_BODY = YES;
				CLANG_WARN_ENUM_CONVERSION = YES;
				CLANG_WARN_INFINITE_RECURSION = YES;
				CLANG_WARN_INT_CONVERSION = YES;
				CLANG_WARN_NON_LITERAL_NULL_CONVERSION = YES;
				CLANG_WARN_OBJC_IMPLICIT_RETAIN_SELF = YES;
				CLANG_WARN_OBJC_LITERAL_CONVERSION = YES;
				CLANG_WARN_OBJC_ROOT_CLASS = YES_ERROR;
				CLANG_WARN_QUOTED_INCLUDE_IN_FRAMEWORK_HEADER = YES;
				CLANG_WARN_RANGE_LOOP_ANALYSIS = YES;
				CLANG_WARN_STRICT_PROTOTYPES = YES;
				CLANG_WARN_SUSPICIOUS_MOVE = YES;
				CLANG_WARN_UNGUARDED_AVAILABILITY = YES_AGGRESSIVE;
				CLANG_WARN_UNREACHABLE_CODE = YES;
				CLANG_WARN__DUPLICATE_METHOD_MATCH = YES;
				COPY_PHASE_STRIP = NO;
				DEBUG_INFORMATION_FORMAT = "dwarf-with-dsym";
				ENABLE_NS_ASSERTIONS = NO;
				ENABLE_STRICT_OBJC_MSGSEND = YES;
				ENABLE_USER_SCRIPT_SANDBOXING = YES;
				GCC_C_LANGUAGE_STANDARD = gnu17;
				GCC_NO_COMMON_BLOCKS = YES;
				GCC_WARN_64_TO_32_BIT_CONVERSION = YES;
				GCC_WARN_ABOUT_RETURN_TYPE = YES_ERROR;
				GCC_WARN_UNDECLARED_SELECTOR = YES;
				GCC_WARN_UNINITIALIZED_AUTOS = YES_AGGRESSIVE;
				GCC_WARN_UNUSED_FUNCTION = YES;
				GCC_WARN_UNUSED_VARIABLE = YES;
				IPHONEOS_DEPLOYMENT_TARGET = 17.0;
				LOCALIZATION_PREFERS_STRING_CATALOGS = YES;
				MTL_ENABLE_DEBUG_INFO = NO;
				MTL_FAST_MATH = YES;
				SDKROOT = iphoneos;
				SWIFT_COMPILATION_MODE = wholemodule;
				VALIDATE_PRODUCT = YES;
			};
			name = Release;
		};
		C9E098202B46E817002CB989 /* Debug */ = {
			isa = XCBuildConfiguration;
			baseConfigurationReference = C903D7562B4D1209001E9FC0 /* Config.xcconfig */;
			buildSettings = {
				ASSETCATALOG_COMPILER_APPICON_NAME = AppIcon;
				ASSETCATALOG_COMPILER_GLOBAL_ACCENT_COLOR_NAME = AccentColor;
				CODE_SIGN_STYLE = Automatic;
				CURRENT_PROJECT_VERSION = 1;
				GENERATE_INFOPLIST_FILE = YES;
				INFOPLIST_FILE = MovieListApp/Info.plist;
				INFOPLIST_KEY_UIApplicationSupportsIndirectInputEvents = YES;
				INFOPLIST_KEY_UILaunchStoryboardName = LaunchScreen;
				INFOPLIST_KEY_UISupportedInterfaceOrientations_iPad = "UIInterfaceOrientationPortrait UIInterfaceOrientationPortraitUpsideDown UIInterfaceOrientationLandscapeLeft UIInterfaceOrientationLandscapeRight";
				INFOPLIST_KEY_UISupportedInterfaceOrientations_iPhone = "UIInterfaceOrientationPortrait UIInterfaceOrientationLandscapeLeft UIInterfaceOrientationLandscapeRight";
				IPHONEOS_DEPLOYMENT_TARGET = 16.0;
				LD_RUNPATH_SEARCH_PATHS = (
					"$(inherited)",
					"@executable_path/Frameworks",
				);
				MARKETING_VERSION = 1.0;
				PRODUCT_BUNDLE_IDENTIFIER = com.isakHam.MovieListApp;
				PRODUCT_NAME = "$(TARGET_NAME)";
				SUPPORTED_PLATFORMS = "iphoneos iphonesimulator";
				SUPPORTS_MACCATALYST = NO;
				SUPPORTS_MAC_DESIGNED_FOR_IPHONE_IPAD = NO;
				SWIFT_EMIT_LOC_STRINGS = YES;
				SWIFT_VERSION = 5.0;
				TARGETED_DEVICE_FAMILY = 1;
			};
			name = Debug;
		};
		C9E098212B46E817002CB989 /* Release */ = {
			isa = XCBuildConfiguration;
			baseConfigurationReference = EEACC2905CE89FD2DD9DA3B0 /* Pods-MovieListApp.release.xcconfig */;
			buildSettings = {
				ASSETCATALOG_COMPILER_APPICON_NAME = AppIcon;
				ASSETCATALOG_COMPILER_GLOBAL_ACCENT_COLOR_NAME = AccentColor;
				CODE_SIGN_STYLE = Automatic;
				CURRENT_PROJECT_VERSION = 1;
				GENERATE_INFOPLIST_FILE = YES;
				INFOPLIST_FILE = MovieListApp/Info.plist;
				INFOPLIST_KEY_UIApplicationSupportsIndirectInputEvents = YES;
				INFOPLIST_KEY_UILaunchStoryboardName = LaunchScreen;
				INFOPLIST_KEY_UISupportedInterfaceOrientations_iPad = "UIInterfaceOrientationPortrait UIInterfaceOrientationPortraitUpsideDown UIInterfaceOrientationLandscapeLeft UIInterfaceOrientationLandscapeRight";
				INFOPLIST_KEY_UISupportedInterfaceOrientations_iPhone = "UIInterfaceOrientationPortrait UIInterfaceOrientationLandscapeLeft UIInterfaceOrientationLandscapeRight";
				IPHONEOS_DEPLOYMENT_TARGET = 16.0;
				LD_RUNPATH_SEARCH_PATHS = (
					"$(inherited)",
					"@executable_path/Frameworks",
				);
				MARKETING_VERSION = 1.0;
				PRODUCT_BUNDLE_IDENTIFIER = com.isakHam.MovieListApp;
				PRODUCT_NAME = "$(TARGET_NAME)";
				SUPPORTED_PLATFORMS = "iphoneos iphonesimulator";
				SUPPORTS_MACCATALYST = NO;
				SUPPORTS_MAC_DESIGNED_FOR_IPHONE_IPAD = NO;
				SWIFT_EMIT_LOC_STRINGS = YES;
				SWIFT_VERSION = 5.0;
				TARGETED_DEVICE_FAMILY = 1;
			};
			name = Release;
		};
/* End XCBuildConfiguration section */

/* Begin XCConfigurationList section */
		C9E098062B46E816002CB989 /* Build configuration list for PBXProject "MovieListApp" */ = {
			isa = XCConfigurationList;
			buildConfigurations = (
				C9E0981D2B46E817002CB989 /* Debug */,
				C9E0981E2B46E817002CB989 /* Release */,
			);
			defaultConfigurationIsVisible = 0;
			defaultConfigurationName = Release;
		};
		C9E0981F2B46E817002CB989 /* Build configuration list for PBXNativeTarget "MovieListApp" */ = {
			isa = XCConfigurationList;
			buildConfigurations = (
				C9E098202B46E817002CB989 /* Debug */,
				C9E098212B46E817002CB989 /* Release */,
			);
			defaultConfigurationIsVisible = 0;
			defaultConfigurationName = Release;
		};
/* End XCConfigurationList section */
	};
	rootObject = C9E098032B46E816002CB989 /* Project object */;
}
