// !$*UTF8*$!
{
	archiveVersion = 1;
	classes = {
	};
	objectVersion = 56;
	objects = {

/* Begin PBXBuildFile section */
		7A5118844CBA48DC4FA304DC /* Pods_RxCollectionView.framework in Frameworks */ = {isa = PBXBuildFile; fileRef = DCB81119C9DBAEFCF85F9955 /* Pods_RxCollectionView.framework */; };
		C98A6B542B663A5000A05EA2 /* AppDelegate.swift in Sources */ = {isa = PBXBuildFile; fileRef = C98A6B532B663A5000A05EA2 /* AppDelegate.swift */; };
		C98A6B562B663A5000A05EA2 /* SceneDelegate.swift in Sources */ = {isa = PBXBuildFile; fileRef = C98A6B552B663A5000A05EA2 /* SceneDelegate.swift */; };
		C98A6B582B663A5000A05EA2 /* ViewController.swift in Sources */ = {isa = PBXBuildFile; fileRef = C98A6B572B663A5000A05EA2 /* ViewController.swift */; };
		C98A6B5D2B663A5000A05EA2 /* Assets.xcassets in Resources */ = {isa = PBXBuildFile; fileRef = C98A6B5C2B663A5000A05EA2 /* Assets.xcassets */; };
		C98A6B602B663A5000A05EA2 /* LaunchScreen.storyboard in Resources */ = {isa = PBXBuildFile; fileRef = C98A6B5E2B663A5000A05EA2 /* LaunchScreen.storyboard */; };
		C98A6B682B663C0000A05EA2 /* Model.swift in Sources */ = {isa = PBXBuildFile; fileRef = C98A6B672B663C0000A05EA2 /* Model.swift */; };
		C98A6B6E2B6655A500A05EA2 /* ViewModel.swift in Sources */ = {isa = PBXBuildFile; fileRef = C98A6B6D2B6655A500A05EA2 /* ViewModel.swift */; };
		C99B0BCA2B687CD500FE6821 /* ListCell.swift in Sources */ = {isa = PBXBuildFile; fileRef = C99B0BC92B687CD500FE6821 /* ListCell.swift */; };
		C9E31D5C2B6B6E8B0072FAEB /* BusStopViewController.swift in Sources */ = {isa = PBXBuildFile; fileRef = C9E31D572B6B6E8B0072FAEB /* BusStopViewController.swift */; };
		C9E31D5D2B6B6E8B0072FAEB /* BusStopCollectionView.swift in Sources */ = {isa = PBXBuildFile; fileRef = C9E31D582B6B6E8B0072FAEB /* BusStopCollectionView.swift */; };
		C9E31D5E2B6B6E8B0072FAEB /* ScrollViewController.swift in Sources */ = {isa = PBXBuildFile; fileRef = C9E31D592B6B6E8B0072FAEB /* ScrollViewController.swift */; };
		C9E31D5F2B6B6E8B0072FAEB /* TableCell.swift in Sources */ = {isa = PBXBuildFile; fileRef = C9E31D5A2B6B6E8B0072FAEB /* TableCell.swift */; };
		C9E31D602B6B6E8B0072FAEB /* BusStopInfoHeaderView.swift in Sources */ = {isa = PBXBuildFile; fileRef = C9E31D5B2B6B6E8B0072FAEB /* BusStopInfoHeaderView.swift */; };
		C9E31D632B6B6EDE0072FAEB /* HeaderView.swift in Sources */ = {isa = PBXBuildFile; fileRef = C9E31D622B6B6EDD0072FAEB /* HeaderView.swift */; };
		C9E31D662B6B70230072FAEB /* HeaderView.swift in Sources */ = {isa = PBXBuildFile; fileRef = C9E31D652B6B70230072FAEB /* HeaderView.swift */; };
/* End PBXBuildFile section */

/* Begin PBXFileReference section */
		8722C6F710AB81BA2F293FDD /* Pods-RxCollectionView.debug.xcconfig */ = {isa = PBXFileReference; includeInIndex = 1; lastKnownFileType = text.xcconfig; name = "Pods-RxCollectionView.debug.xcconfig"; path = "Target Support Files/Pods-RxCollectionView/Pods-RxCollectionView.debug.xcconfig"; sourceTree = "<group>"; };
		C98A6B502B663A5000A05EA2 /* RxCollectionView.app */ = {isa = PBXFileReference; explicitFileType = wrapper.application; includeInIndex = 0; path = RxCollectionView.app; sourceTree = BUILT_PRODUCTS_DIR; };
		C98A6B532B663A5000A05EA2 /* AppDelegate.swift */ = {isa = PBXFileReference; lastKnownFileType = sourcecode.swift; path = AppDelegate.swift; sourceTree = "<group>"; };
		C98A6B552B663A5000A05EA2 /* SceneDelegate.swift */ = {isa = PBXFileReference; lastKnownFileType = sourcecode.swift; path = SceneDelegate.swift; sourceTree = "<group>"; };
		C98A6B572B663A5000A05EA2 /* ViewController.swift */ = {isa = PBXFileReference; lastKnownFileType = sourcecode.swift; path = ViewController.swift; sourceTree = "<group>"; };
		C98A6B5C2B663A5000A05EA2 /* Assets.xcassets */ = {isa = PBXFileReference; lastKnownFileType = folder.assetcatalog; path = Assets.xcassets; sourceTree = "<group>"; };
		C98A6B5F2B663A5000A05EA2 /* Base */ = {isa = PBXFileReference; lastKnownFileType = file.storyboard; name = Base; path = Base.lproj/LaunchScreen.storyboard; sourceTree = "<group>"; };
		C98A6B612B663A5000A05EA2 /* Info.plist */ = {isa = PBXFileReference; lastKnownFileType = text.plist.xml; path = Info.plist; sourceTree = "<group>"; };
		C98A6B672B663C0000A05EA2 /* Model.swift */ = {isa = PBXFileReference; lastKnownFileType = sourcecode.swift; path = Model.swift; sourceTree = "<group>"; };
		C98A6B6D2B6655A500A05EA2 /* ViewModel.swift */ = {isa = PBXFileReference; lastKnownFileType = sourcecode.swift; path = ViewModel.swift; sourceTree = "<group>"; };
		C99B0BC92B687CD500FE6821 /* ListCell.swift */ = {isa = PBXFileReference; lastKnownFileType = sourcecode.swift; path = ListCell.swift; sourceTree = "<group>"; };
		C9E31D572B6B6E8B0072FAEB /* BusStopViewController.swift */ = {isa = PBXFileReference; lastKnownFileType = sourcecode.swift; path = BusStopViewController.swift; sourceTree = "<group>"; };
		C9E31D582B6B6E8B0072FAEB /* BusStopCollectionView.swift */ = {isa = PBXFileReference; lastKnownFileType = sourcecode.swift; path = BusStopCollectionView.swift; sourceTree = "<group>"; };
		C9E31D592B6B6E8B0072FAEB /* ScrollViewController.swift */ = {isa = PBXFileReference; lastKnownFileType = sourcecode.swift; path = ScrollViewController.swift; sourceTree = "<group>"; };
		C9E31D5A2B6B6E8B0072FAEB /* TableCell.swift */ = {isa = PBXFileReference; lastKnownFileType = sourcecode.swift; path = TableCell.swift; sourceTree = "<group>"; };
		C9E31D5B2B6B6E8B0072FAEB /* BusStopInfoHeaderView.swift */ = {isa = PBXFileReference; lastKnownFileType = sourcecode.swift; path = BusStopInfoHeaderView.swift; sourceTree = "<group>"; };
		C9E31D622B6B6EDD0072FAEB /* HeaderView.swift */ = {isa = PBXFileReference; lastKnownFileType = sourcecode.swift; path = HeaderView.swift; sourceTree = "<group>"; };
		C9E31D652B6B70230072FAEB /* HeaderView.swift */ = {isa = PBXFileReference; fileEncoding = 4; lastKnownFileType = sourcecode.swift; path = HeaderView.swift; sourceTree = "<group>"; };
		DCB81119C9DBAEFCF85F9955 /* Pods_RxCollectionView.framework */ = {isa = PBXFileReference; explicitFileType = wrapper.framework; includeInIndex = 0; path = Pods_RxCollectionView.framework; sourceTree = BUILT_PRODUCTS_DIR; };
		EAB779D3FE25AF7F649F92AE /* Pods-RxCollectionView.release.xcconfig */ = {isa = PBXFileReference; includeInIndex = 1; lastKnownFileType = text.xcconfig; name = "Pods-RxCollectionView.release.xcconfig"; path = "Target Support Files/Pods-RxCollectionView/Pods-RxCollectionView.release.xcconfig"; sourceTree = "<group>"; };
/* End PBXFileReference section */

/* Begin PBXFrameworksBuildPhase section */
		C98A6B4D2B663A5000A05EA2 /* Frameworks */ = {
			isa = PBXFrameworksBuildPhase;
			buildActionMask = 2147483647;
			files = (
				7A5118844CBA48DC4FA304DC /* Pods_RxCollectionView.framework in Frameworks */,
			);
			runOnlyForDeploymentPostprocessing = 0;
		};
/* End PBXFrameworksBuildPhase section */

/* Begin PBXGroup section */
		5E3A88D63AA1C2A560F2DDD4 /* Pods */ = {
			isa = PBXGroup;
			children = (
				8722C6F710AB81BA2F293FDD /* Pods-RxCollectionView.debug.xcconfig */,
				EAB779D3FE25AF7F649F92AE /* Pods-RxCollectionView.release.xcconfig */,
			);
			path = Pods;
			sourceTree = "<group>";
		};
		807DEC7D12A072904587BCA5 /* Frameworks */ = {
			isa = PBXGroup;
			children = (
				DCB81119C9DBAEFCF85F9955 /* Pods_RxCollectionView.framework */,
			);
			name = Frameworks;
			sourceTree = "<group>";
		};
		C98A6B472B663A5000A05EA2 = {
			isa = PBXGroup;
			children = (
				C98A6B522B663A5000A05EA2 /* RxCollectionView */,
				C98A6B512B663A5000A05EA2 /* Products */,
				5E3A88D63AA1C2A560F2DDD4 /* Pods */,
				807DEC7D12A072904587BCA5 /* Frameworks */,
			);
			sourceTree = "<group>";
		};
		C98A6B512B663A5000A05EA2 /* Products */ = {
			isa = PBXGroup;
			children = (
				C98A6B502B663A5000A05EA2 /* RxCollectionView.app */,
			);
			name = Products;
			sourceTree = "<group>";
		};
		C98A6B522B663A5000A05EA2 /* RxCollectionView */ = {
			isa = PBXGroup;
			children = (
				C9E31D642B6B6FE60072FAEB /* BusStopView */,
				C9E31D612B6B6E9E0072FAEB /* App */,
				C9E31D582B6B6E8B0072FAEB /* BusStopCollectionView.swift */,
				C9E31D5B2B6B6E8B0072FAEB /* BusStopInfoHeaderView.swift */,
				C9E31D572B6B6E8B0072FAEB /* BusStopViewController.swift */,
				C9E31D592B6B6E8B0072FAEB /* ScrollViewController.swift */,
				C98A6B672B663C0000A05EA2 /* Model.swift */,
				C98A6B6D2B6655A500A05EA2 /* ViewModel.swift */,
				C9E31D622B6B6EDD0072FAEB /* HeaderView.swift */,
				C9E31D652B6B70230072FAEB /* HeaderView.swift */,
				C9E31D5A2B6B6E8B0072FAEB /* TableCell.swift */,
				C99B0BC92B687CD500FE6821 /* ListCell.swift */,
				C98A6B572B663A5000A05EA2 /* ViewController.swift */,
				C98A6B5C2B663A5000A05EA2 /* Assets.xcassets */,
				C98A6B5E2B663A5000A05EA2 /* LaunchScreen.storyboard */,
				C98A6B612B663A5000A05EA2 /* Info.plist */,
			);
			path = RxCollectionView;
			sourceTree = "<group>";
		};
		C9E31D612B6B6E9E0072FAEB /* App */ = {
			isa = PBXGroup;
			children = (
				C98A6B532B663A5000A05EA2 /* AppDelegate.swift */,
				C98A6B552B663A5000A05EA2 /* SceneDelegate.swift */,
			);
			path = App;
			sourceTree = "<group>";
		};
		C9E31D642B6B6FE60072FAEB /* BusStopView */ = {
			isa = PBXGroup;
			children = (
			);
			path = BusStopView;
			sourceTree = "<group>";
		};
/* End PBXGroup section */

/* Begin PBXNativeTarget section */
		C98A6B4F2B663A5000A05EA2 /* RxCollectionView */ = {
			isa = PBXNativeTarget;
			buildConfigurationList = C98A6B642B663A5000A05EA2 /* Build configuration list for PBXNativeTarget "RxCollectionView" */;
			buildPhases = (
				9D29B7889E0843FFD8A3ACAF /* [CP] Check Pods Manifest.lock */,
				C98A6B4C2B663A5000A05EA2 /* Sources */,
				C98A6B4D2B663A5000A05EA2 /* Frameworks */,
				C98A6B4E2B663A5000A05EA2 /* Resources */,
				AF973D08255EC4E53CDB13CF /* [CP] Embed Pods Frameworks */,
			);
			buildRules = (
			);
			dependencies = (
			);
			name = RxCollectionView;
			productName = RxCollectionView;
			productReference = C98A6B502B663A5000A05EA2 /* RxCollectionView.app */;
			productType = "com.apple.product-type.application";
		};
/* End PBXNativeTarget section */

/* Begin PBXProject section */
		C98A6B482B663A5000A05EA2 /* Project object */ = {
			isa = PBXProject;
			attributes = {
				BuildIndependentTargetsInParallel = 1;
				LastSwiftUpdateCheck = 1500;
				LastUpgradeCheck = 1500;
				TargetAttributes = {
					C98A6B4F2B663A5000A05EA2 = {
						CreatedOnToolsVersion = 15.0;
					};
				};
			};
			buildConfigurationList = C98A6B4B2B663A5000A05EA2 /* Build configuration list for PBXProject "RxCollectionView" */;
			compatibilityVersion = "Xcode 14.0";
			developmentRegion = en;
			hasScannedForEncodings = 0;
			knownRegions = (
				en,
				Base,
			);
			mainGroup = C98A6B472B663A5000A05EA2;
			productRefGroup = C98A6B512B663A5000A05EA2 /* Products */;
			projectDirPath = "";
			projectRoot = "";
			targets = (
				C98A6B4F2B663A5000A05EA2 /* RxCollectionView */,
			);
		};
/* End PBXProject section */

/* Begin PBXResourcesBuildPhase section */
		C98A6B4E2B663A5000A05EA2 /* Resources */ = {
			isa = PBXResourcesBuildPhase;
			buildActionMask = 2147483647;
			files = (
				C98A6B602B663A5000A05EA2 /* LaunchScreen.storyboard in Resources */,
				C98A6B5D2B663A5000A05EA2 /* Assets.xcassets in Resources */,
			);
			runOnlyForDeploymentPostprocessing = 0;
		};
/* End PBXResourcesBuildPhase section */

/* Begin PBXShellScriptBuildPhase section */
		9D29B7889E0843FFD8A3ACAF /* [CP] Check Pods Manifest.lock */ = {
			isa = PBXShellScriptBuildPhase;
			buildActionMask = 2147483647;
			files = (
			);
			inputFileListPaths = (
			);
			inputPaths = (
				"${PODS_PODFILE_DIR_PATH}/Podfile.lock",
				"${PODS_ROOT}/Manifest.lock",
			);
			name = "[CP] Check Pods Manifest.lock";
			outputFileListPaths = (
			);
			outputPaths = (
				"$(DERIVED_FILE_DIR)/Pods-RxCollectionView-checkManifestLockResult.txt",
			);
			runOnlyForDeploymentPostprocessing = 0;
			shellPath = /bin/sh;
			shellScript = "diff \"${PODS_PODFILE_DIR_PATH}/Podfile.lock\" \"${PODS_ROOT}/Manifest.lock\" > /dev/null\nif [ $? != 0 ] ; then\n    # print error to STDERR\n    echo \"error: The sandbox is not in sync with the Podfile.lock. Run 'pod install' or update your CocoaPods installation.\" >&2\n    exit 1\nfi\n# This output is used by Xcode 'outputs' to avoid re-running this script phase.\necho \"SUCCESS\" > \"${SCRIPT_OUTPUT_FILE_0}\"\n";
			showEnvVarsInLog = 0;
		};
		AF973D08255EC4E53CDB13CF /* [CP] Embed Pods Frameworks */ = {
			isa = PBXShellScriptBuildPhase;
			buildActionMask = 2147483647;
			files = (
			);
			inputFileListPaths = (
				"${PODS_ROOT}/Target Support Files/Pods-RxCollectionView/Pods-RxCollectionView-frameworks-${CONFIGURATION}-input-files.xcfilelist",
			);
			name = "[CP] Embed Pods Frameworks";
			outputFileListPaths = (
				"${PODS_ROOT}/Target Support Files/Pods-RxCollectionView/Pods-RxCollectionView-frameworks-${CONFIGURATION}-output-files.xcfilelist",
			);
			runOnlyForDeploymentPostprocessing = 0;
			shellPath = /bin/sh;
			shellScript = "\"${PODS_ROOT}/Target Support Files/Pods-RxCollectionView/Pods-RxCollectionView-frameworks.sh\"\n";
			showEnvVarsInLog = 0;
		};
/* End PBXShellScriptBuildPhase section */

/* Begin PBXSourcesBuildPhase section */
		C98A6B4C2B663A5000A05EA2 /* Sources */ = {
			isa = PBXSourcesBuildPhase;
			buildActionMask = 2147483647;
			files = (
				C9E31D5C2B6B6E8B0072FAEB /* BusStopViewController.swift in Sources */,
				C9E31D5D2B6B6E8B0072FAEB /* BusStopCollectionView.swift in Sources */,
				C9E31D5E2B6B6E8B0072FAEB /* ScrollViewController.swift in Sources */,
				C9E31D5F2B6B6E8B0072FAEB /* TableCell.swift in Sources */,
				C9E31D602B6B6E8B0072FAEB /* BusStopInfoHeaderView.swift in Sources */,
				C98A6B582B663A5000A05EA2 /* ViewController.swift in Sources */,
				C98A6B542B663A5000A05EA2 /* AppDelegate.swift in Sources */,
				C99B0BCA2B687CD500FE6821 /* ListCell.swift in Sources */,
				C98A6B562B663A5000A05EA2 /* SceneDelegate.swift in Sources */,
				C98A6B682B663C0000A05EA2 /* Model.swift in Sources */,
				C98A6B6E2B6655A500A05EA2 /* ViewModel.swift in Sources */,
				C9E31D632B6B6EDE0072FAEB /* HeaderView.swift in Sources */,
				C9E31D662B6B70230072FAEB /* HeaderView.swift in Sources */,
			);
			runOnlyForDeploymentPostprocessing = 0;
		};
/* End PBXSourcesBuildPhase section */

/* Begin PBXVariantGroup section */
		C98A6B5E2B663A5000A05EA2 /* LaunchScreen.storyboard */ = {
			isa = PBXVariantGroup;
			children = (
				C98A6B5F2B663A5000A05EA2 /* Base */,
			);
			name = LaunchScreen.storyboard;
			sourceTree = "<group>";
		};
/* End PBXVariantGroup section */

/* Begin XCBuildConfiguration section */
		C98A6B622B663A5000A05EA2 /* Debug */ = {
			isa = XCBuildConfiguration;
			buildSettings = {
				ALWAYS_SEARCH_USER_PATHS = NO;
				ASSETCATALOG_COMPILER_GENERATE_SWIFT_ASSET_SYMBOL_EXTENSIONS = YES;
				CLANG_ANALYZER_NONNULL = YES;
				CLANG_ANALYZER_NUMBER_OBJECT_CONVERSION = YES_AGGRESSIVE;
				CLANG_CXX_LANGUAGE_STANDARD = "gnu++20";
				CLANG_ENABLE_MODULES = YES;
				CLANG_ENABLE_OBJC_ARC = YES;
				CLANG_ENABLE_OBJC_WEAK = YES;
				CLANG_WARN_BLOCK_CAPTURE_AUTORELEASING = YES;
				CLANG_WARN_BOOL_CONVERSION = YES;
				CLANG_WARN_COMMA = YES;
				CLANG_WARN_CONSTANT_CONVERSION = YES;
				CLANG_WARN_DEPRECATED_OBJC_IMPLEMENTATIONS = YES;
				CLANG_WARN_DIRECT_OBJC_ISA_USAGE = YES_ERROR;
				CLANG_WARN_DOCUMENTATION_COMMENTS = YES;
				CLANG_WARN_EMPTY_BODY = YES;
				CLANG_WARN_ENUM_CONVERSION = YES;
				CLANG_WARN_INFINITE_RECURSION = YES;
				CLANG_WARN_INT_CONVERSION = YES;
				CLANG_WARN_NON_LITERAL_NULL_CONVERSION = YES;
				CLANG_WARN_OBJC_IMPLICIT_RETAIN_SELF = YES;
				CLANG_WARN_OBJC_LITERAL_CONVERSION = YES;
				CLANG_WARN_OBJC_ROOT_CLASS = YES_ERROR;
				CLANG_WARN_QUOTED_INCLUDE_IN_FRAMEWORK_HEADER = YES;
				CLANG_WARN_RANGE_LOOP_ANALYSIS = YES;
				CLANG_WARN_STRICT_PROTOTYPES = YES;
				CLANG_WARN_SUSPICIOUS_MOVE = YES;
				CLANG_WARN_UNGUARDED_AVAILABILITY = YES_AGGRESSIVE;
				CLANG_WARN_UNREACHABLE_CODE = YES;
				CLANG_WARN__DUPLICATE_METHOD_MATCH = YES;
				COPY_PHASE_STRIP = NO;
				DEBUG_INFORMATION_FORMAT = dwarf;
				ENABLE_STRICT_OBJC_MSGSEND = YES;
				ENABLE_TESTABILITY = YES;
				ENABLE_USER_SCRIPT_SANDBOXING = NO;
				GCC_C_LANGUAGE_STANDARD = gnu17;
				GCC_DYNAMIC_NO_PIC = NO;
				GCC_NO_COMMON_BLOCKS = YES;
				GCC_OPTIMIZATION_LEVEL = 0;
				GCC_PREPROCESSOR_DEFINITIONS = (
					"DEBUG=1",
					"$(inherited)",
				);
				GCC_WARN_64_TO_32_BIT_CONVERSION = YES;
				GCC_WARN_ABOUT_RETURN_TYPE = YES_ERROR;
				GCC_WARN_UNDECLARED_SELECTOR = YES;
				GCC_WARN_UNINITIALIZED_AUTOS = YES_AGGRESSIVE;
				GCC_WARN_UNUSED_FUNCTION = YES;
				GCC_WARN_UNUSED_VARIABLE = YES;
				IPHONEOS_DEPLOYMENT_TARGET = 17.0;
				LOCALIZATION_PREFERS_STRING_CATALOGS = YES;
				MTL_ENABLE_DEBUG_INFO = INCLUDE_SOURCE;
				MTL_FAST_MATH = YES;
				ONLY_ACTIVE_ARCH = YES;
				SDKROOT = iphoneos;
				SWIFT_ACTIVE_COMPILATION_CONDITIONS = "DEBUG $(inherited)";
				SWIFT_OPTIMIZATION_LEVEL = "-Onone";
			};
			name = Debug;
		};
		C98A6B632B663A5000A05EA2 /* Release */ = {
			isa = XCBuildConfiguration;
			buildSettings = {
				ALWAYS_SEARCH_USER_PATHS = NO;
				ASSETCATALOG_COMPILER_GENERATE_SWIFT_ASSET_SYMBOL_EXTENSIONS = YES;
				CLANG_ANALYZER_NONNULL = YES;
				CLANG_ANALYZER_NUMBER_OBJECT_CONVERSION = YES_AGGRESSIVE;
				CLANG_CXX_LANGUAGE_STANDARD = "gnu++20";
				CLANG_ENABLE_MODULES = YES;
				CLANG_ENABLE_OBJC_ARC = YES;
				CLANG_ENABLE_OBJC_WEAK = YES;
				CLANG_WARN_BLOCK_CAPTURE_AUTORELEASING = YES;
				CLANG_WARN_BOOL_CONVERSION = YES;
				CLANG_WARN_COMMA = YES;
				CLANG_WARN_CONSTANT_CONVERSION = YES;
				CLANG_WARN_DEPRECATED_OBJC_IMPLEMENTATIONS = YES;
				CLANG_WARN_DIRECT_OBJC_ISA_USAGE = YES_ERROR;
				CLANG_WARN_DOCUMENTATION_COMMENTS = YES;
				CLANG_WARN_EMPTY_BODY = YES;
				CLANG_WARN_ENUM_CONVERSION = YES;
				CLANG_WARN_INFINITE_RECURSION = YES;
				CLANG_WARN_INT_CONVERSION = YES;
				CLANG_WARN_NON_LITERAL_NULL_CONVERSION = YES;
				CLANG_WARN_OBJC_IMPLICIT_RETAIN_SELF = YES;
				CLANG_WARN_OBJC_LITERAL_CONVERSION = YES;
				CLANG_WARN_OBJC_ROOT_CLASS = YES_ERROR;
				CLANG_WARN_QUOTED_INCLUDE_IN_FRAMEWORK_HEADER = YES;
				CLANG_WARN_RANGE_LOOP_ANALYSIS = YES;
				CLANG_WARN_STRICT_PROTOTYPES = YES;
				CLANG_WARN_SUSPICIOUS_MOVE = YES;
				CLANG_WARN_UNGUARDED_AVAILABILITY = YES_AGGRESSIVE;
				CLANG_WARN_UNREACHABLE_CODE = YES;
				CLANG_WARN__DUPLICATE_METHOD_MATCH = YES;
				COPY_PHASE_STRIP = NO;
				DEBUG_INFORMATION_FORMAT = "dwarf-with-dsym";
				ENABLE_NS_ASSERTIONS = NO;
				ENABLE_STRICT_OBJC_MSGSEND = YES;
				ENABLE_USER_SCRIPT_SANDBOXING = NO;
				GCC_C_LANGUAGE_STANDARD = gnu17;
				GCC_NO_COMMON_BLOCKS = YES;
				GCC_WARN_64_TO_32_BIT_CONVERSION = YES;
				GCC_WARN_ABOUT_RETURN_TYPE = YES_ERROR;
				GCC_WARN_UNDECLARED_SELECTOR = YES;
				GCC_WARN_UNINITIALIZED_AUTOS = YES_AGGRESSIVE;
				GCC_WARN_UNUSED_FUNCTION = YES;
				GCC_WARN_UNUSED_VARIABLE = YES;
				IPHONEOS_DEPLOYMENT_TARGET = 17.0;
				LOCALIZATION_PREFERS_STRING_CATALOGS = YES;
				MTL_ENABLE_DEBUG_INFO = NO;
				MTL_FAST_MATH = YES;
				SDKROOT = iphoneos;
				SWIFT_COMPILATION_MODE = wholemodule;
				VALIDATE_PRODUCT = YES;
			};
			name = Release;
		};
		C98A6B652B663A5000A05EA2 /* Debug */ = {
			isa = XCBuildConfiguration;
			baseConfigurationReference = 8722C6F710AB81BA2F293FDD /* Pods-RxCollectionView.debug.xcconfig */;
			buildSettings = {
				ASSETCATALOG_COMPILER_APPICON_NAME = AppIcon;
				ASSETCATALOG_COMPILER_GLOBAL_ACCENT_COLOR_NAME = AccentColor;
				CODE_SIGN_STYLE = Automatic;
				CURRENT_PROJECT_VERSION = 1;
				GENERATE_INFOPLIST_FILE = YES;
				INFOPLIST_FILE = RxCollectionView/Info.plist;
				INFOPLIST_KEY_UIApplicationSupportsIndirectInputEvents = YES;
				INFOPLIST_KEY_UILaunchStoryboardName = LaunchScreen;
				INFOPLIST_KEY_UISupportedInterfaceOrientations_iPad = "UIInterfaceOrientationPortrait UIInterfaceOrientationPortraitUpsideDown UIInterfaceOrientationLandscapeLeft UIInterfaceOrientationLandscapeRight";
				INFOPLIST_KEY_UISupportedInterfaceOrientations_iPhone = "UIInterfaceOrientationPortrait UIInterfaceOrientationLandscapeLeft UIInterfaceOrientationLandscapeRight";
				LD_RUNPATH_SEARCH_PATHS = (
					"$(inherited)",
					"@executable_path/Frameworks",
				);
				MARKETING_VERSION = 1.0;
				PRODUCT_BUNDLE_IDENTIFIER = com.isakHam.RxCollectionView;
				PRODUCT_NAME = "$(TARGET_NAME)";
				SUPPORTED_PLATFORMS = "iphoneos iphonesimulator";
				SUPPORTS_MACCATALYST = NO;
				SUPPORTS_MAC_DESIGNED_FOR_IPHONE_IPAD = NO;
				SWIFT_EMIT_LOC_STRINGS = YES;
				SWIFT_VERSION = 5.0;
				TARGETED_DEVICE_FAMILY = 1;
			};
			name = Debug;
		};
		C98A6B662B663A5000A05EA2 /* Release */ = {
			isa = XCBuildConfiguration;
			baseConfigurationReference = EAB779D3FE25AF7F649F92AE /* Pods-RxCollectionView.release.xcconfig */;
			buildSettings = {
				ASSETCATALOG_COMPILER_APPICON_NAME = AppIcon;
				ASSETCATALOG_COMPILER_GLOBAL_ACCENT_COLOR_NAME = AccentColor;
				CODE_SIGN_STYLE = Automatic;
				CURRENT_PROJECT_VERSION = 1;
				GENERATE_INFOPLIST_FILE = YES;
				INFOPLIST_FILE = RxCollectionView/Info.plist;
				INFOPLIST_KEY_UIApplicationSupportsIndirectInputEvents = YES;
				INFOPLIST_KEY_UILaunchStoryboardName = LaunchScreen;
				INFOPLIST_KEY_UISupportedInterfaceOrientations_iPad = "UIInterfaceOrientationPortrait UIInterfaceOrientationPortraitUpsideDown UIInterfaceOrientationLandscapeLeft UIInterfaceOrientationLandscapeRight";
				INFOPLIST_KEY_UISupportedInterfaceOrientations_iPhone = "UIInterfaceOrientationPortrait UIInterfaceOrientationLandscapeLeft UIInterfaceOrientationLandscapeRight";
				LD_RUNPATH_SEARCH_PATHS = (
					"$(inherited)",
					"@executable_path/Frameworks",
				);
				MARKETING_VERSION = 1.0;
				PRODUCT_BUNDLE_IDENTIFIER = com.isakHam.RxCollectionView;
				PRODUCT_NAME = "$(TARGET_NAME)";
				SUPPORTED_PLATFORMS = "iphoneos iphonesimulator";
				SUPPORTS_MACCATALYST = NO;
				SUPPORTS_MAC_DESIGNED_FOR_IPHONE_IPAD = NO;
				SWIFT_EMIT_LOC_STRINGS = YES;
				SWIFT_VERSION = 5.0;
				TARGETED_DEVICE_FAMILY = 1;
			};
			name = Release;
		};
/* End XCBuildConfiguration section */

/* Begin XCConfigurationList section */
		C98A6B4B2B663A5000A05EA2 /* Build configuration list for PBXProject "RxCollectionView" */ = {
			isa = XCConfigurationList;
			buildConfigurations = (
				C98A6B622B663A5000A05EA2 /* Debug */,
				C98A6B632B663A5000A05EA2 /* Release */,
			);
			defaultConfigurationIsVisible = 0;
			defaultConfigurationName = Release;
		};
		C98A6B642B663A5000A05EA2 /* Build configuration list for PBXNativeTarget "RxCollectionView" */ = {
			isa = XCConfigurationList;
			buildConfigurations = (
				C98A6B652B663A5000A05EA2 /* Debug */,
				C98A6B662B663A5000A05EA2 /* Release */,
			);
			defaultConfigurationIsVisible = 0;
			defaultConfigurationName = Release;
		};
/* End XCConfigurationList section */
	};
	rootObject = C98A6B482B663A5000A05EA2 /* Project object */;
}
