// !$*UTF8*$!
{
	archiveVersion = 1;
	classes = {
	};
	objectVersion = 56;
	objects = {

/* Begin PBXBuildFile section */
		5E0C8A532A823FF200B187C5 /* TabsView.swift in Sources */ = {isa = PBXBuildFile; fileRef = 5E0C8A522A823FF200B187C5 /* TabsView.swift */; };
		5E0C8A552A82563B00B187C5 /* MovieListView.swift in Sources */ = {isa = PBXBuildFile; fileRef = 5E0C8A542A82563B00B187C5 /* MovieListView.swift */; };
		5E0C8A572A82598E00B187C5 /* MovieStore.swift in Sources */ = {isa = PBXBuildFile; fileRef = 5E0C8A562A82598E00B187C5 /* MovieStore.swift */; };
		5E0C8A592A82730C00B187C5 /* privateKey.swift in Sources */ = {isa = PBXBuildFile; fileRef = 5E0C8A582A82730C00B187C5 /* privateKey.swift */; };
		5EDAAD9A2A81FE4700745C8E /* UsingAPIApp.swift in Sources */ = {isa = PBXBuildFile; fileRef = 5EDAAD992A81FE4700745C8E /* UsingAPIApp.swift */; };
		5EDAAD9C2A81FE4700745C8E /* MovieChartView.swift in Sources */ = {isa = PBXBuildFile; fileRef = 5EDAAD9B2A81FE4700745C8E /* MovieChartView.swift */; };
		5EDAAD9E2A81FE4900745C8E /* Assets.xcassets in Resources */ = {isa = PBXBuildFile; fileRef = 5EDAAD9D2A81FE4900745C8E /* Assets.xcassets */; };
		5EDAADA12A81FE4900745C8E /* Preview Assets.xcassets in Resources */ = {isa = PBXBuildFile; fileRef = 5EDAADA02A81FE4900745C8E /* Preview Assets.xcassets */; };
		5EDAADAA2A821E1E00745C8E /* MovieAPIData.swift in Sources */ = {isa = PBXBuildFile; fileRef = 5EDAADA92A821E1E00745C8E /* MovieAPIData.swift */; };
/* End PBXBuildFile section */

/* Begin PBXFileReference section */
		5E0C8A502A82328300B187C5 /* Info.plist */ = {isa = PBXFileReference; lastKnownFileType = text.plist; path = Info.plist; sourceTree = "<group>"; };
		5E0C8A522A823FF200B187C5 /* TabsView.swift */ = {isa = PBXFileReference; lastKnownFileType = sourcecode.swift; path = TabsView.swift; sourceTree = "<group>"; };
		5E0C8A542A82563B00B187C5 /* MovieListView.swift */ = {isa = PBXFileReference; lastKnownFileType = sourcecode.swift; path = MovieListView.swift; sourceTree = "<group>"; };
		5E0C8A562A82598E00B187C5 /* MovieStore.swift */ = {isa = PBXFileReference; lastKnownFileType = sourcecode.swift; path = MovieStore.swift; sourceTree = "<group>"; };
		5E0C8A582A82730C00B187C5 /* privateKey.swift */ = {isa = PBXFileReference; lastKnownFileType = sourcecode.swift; path = privateKey.swift; sourceTree = "<group>"; };
		5EDAAD962A81FE4700745C8E /* UsingAPI.app */ = {isa = PBXFileReference; explicitFileType = wrapper.application; includeInIndex = 0; path = UsingAPI.app; sourceTree = BUILT_PRODUCTS_DIR; };
		5EDAAD992A81FE4700745C8E /* UsingAPIApp.swift */ = {isa = PBXFileReference; lastKnownFileType = sourcecode.swift; path = UsingAPIApp.swift; sourceTree = "<group>"; };
		5EDAAD9B2A81FE4700745C8E /* MovieChartView.swift */ = {isa = PBXFileReference; lastKnownFileType = sourcecode.swift; path = MovieChartView.swift; sourceTree = "<group>"; };
		5EDAAD9D2A81FE4900745C8E /* Assets.xcassets */ = {isa = PBXFileReference; lastKnownFileType = folder.assetcatalog; path = Assets.xcassets; sourceTree = "<group>"; };
		5EDAADA02A81FE4900745C8E /* Preview Assets.xcassets */ = {isa = PBXFileReference; lastKnownFileType = folder.assetcatalog; path = "Preview Assets.xcassets"; sourceTree = "<group>"; };
		5EDAADA92A821E1E00745C8E /* MovieAPIData.swift */ = {isa = PBXFileReference; lastKnownFileType = sourcecode.swift; path = MovieAPIData.swift; sourceTree = "<group>"; };
/* End PBXFileReference section */

/* Begin PBXFrameworksBuildPhase section */
		5EDAAD932A81FE4700745C8E /* Frameworks */ = {
			isa = PBXFrameworksBuildPhase;
			buildActionMask = 2147483647;
			files = (
			);
			runOnlyForDeploymentPostprocessing = 0;
		};
/* End PBXFrameworksBuildPhase section */

/* Begin PBXGroup section */
		5EDAAD8D2A81FE4700745C8E = {
			isa = PBXGroup;
			children = (
				5EDAAD982A81FE4700745C8E /* UsingAPI */,
				5EDAAD972A81FE4700745C8E /* Products */,
			);
			sourceTree = "<group>";
		};
		5EDAAD972A81FE4700745C8E /* Products */ = {
			isa = PBXGroup;
			children = (
				5EDAAD962A81FE4700745C8E /* UsingAPI.app */,
			);
			name = Products;
			sourceTree = "<group>";
		};
		5EDAAD982A81FE4700745C8E /* UsingAPI */ = {
			isa = PBXGroup;
			children = (
				5EDAAD992A81FE4700745C8E /* UsingAPIApp.swift */,
				5EDAADA82A821E0A00745C8E /* Data */,
				5EDAADA72A82040200745C8E /* Views */,
				5EDAAD9D2A81FE4900745C8E /* Assets.xcassets */,
				5E0C8A502A82328300B187C5 /* Info.plist */,
				5EDAAD9F2A81FE4900745C8E /* Preview Content */,
			);
			path = UsingAPI;
			sourceTree = "<group>";
		};
		5EDAAD9F2A81FE4900745C8E /* Preview Content */ = {
			isa = PBXGroup;
			children = (
				5EDAADA02A81FE4900745C8E /* Preview Assets.xcassets */,
			);
			path = "Preview Content";
			sourceTree = "<group>";
		};
		5EDAADA72A82040200745C8E /* Views */ = {
			isa = PBXGroup;
			children = (
				5E0C8A522A823FF200B187C5 /* TabsView.swift */,
				5E0C8A542A82563B00B187C5 /* MovieListView.swift */,
				5EDAAD9B2A81FE4700745C8E /* MovieChartView.swift */,
			);
			path = Views;
			sourceTree = "<group>";
		};
		5EDAADA82A821E0A00745C8E /* Data */ = {
			isa = PBXGroup;
			children = (
				5EDAADA92A821E1E00745C8E /* MovieAPIData.swift */,
				5E0C8A562A82598E00B187C5 /* MovieStore.swift */,
				5E0C8A582A82730C00B187C5 /* privateKey.swift */,
			);
			path = Data;
			sourceTree = "<group>";
		};
/* End PBXGroup section */

/* Begin PBXNativeTarget section */
		5EDAAD952A81FE4700745C8E /* UsingAPI */ = {
			isa = PBXNativeTarget;
			buildConfigurationList = 5EDAADA42A81FE4900745C8E /* Build configuration list for PBXNativeTarget "UsingAPI" */;
			buildPhases = (
				5EDAAD922A81FE4700745C8E /* Sources */,
				5EDAAD932A81FE4700745C8E /* Frameworks */,
				5EDAAD942A81FE4700745C8E /* Resources */,
			);
			buildRules = (
			);
			dependencies = (
			);
			name = UsingAPI;
			productName = UsingAPI;
			productReference = 5EDAAD962A81FE4700745C8E /* UsingAPI.app */;
			productType = "com.apple.product-type.application";
		};
/* End PBXNativeTarget section */

/* Begin PBXProject section */
		5EDAAD8E2A81FE4700745C8E /* Project object */ = {
			isa = PBXProject;
			attributes = {
				BuildIndependentTargetsInParallel = 1;
				LastSwiftUpdateCheck = 1430;
				LastUpgradeCheck = 1430;
				TargetAttributes = {
					5EDAAD952A81FE4700745C8E = {
						CreatedOnToolsVersion = 14.3.1;
					};
				};
			};
			buildConfigurationList = 5EDAAD912A81FE4700745C8E /* Build configuration list for PBXProject "UsingAPI" */;
			compatibilityVersion = "Xcode 14.0";
			developmentRegion = en;
			hasScannedForEncodings = 0;
			knownRegions = (
				en,
				Base,
			);
			mainGroup = 5EDAAD8D2A81FE4700745C8E;
			productRefGroup = 5EDAAD972A81FE4700745C8E /* Products */;
			projectDirPath = "";
			projectRoot = "";
			targets = (
				5EDAAD952A81FE4700745C8E /* UsingAPI */,
			);
		};
/* End PBXProject section */

/* Begin PBXResourcesBuildPhase section */
		5EDAAD942A81FE4700745C8E /* Resources */ = {
			isa = PBXResourcesBuildPhase;
			buildActionMask = 2147483647;
			files = (
				5EDAADA12A81FE4900745C8E /* Preview Assets.xcassets in Resources */,
				5EDAAD9E2A81FE4900745C8E /* Assets.xcassets in Resources */,
			);
			runOnlyForDeploymentPostprocessing = 0;
		};
/* End PBXResourcesBuildPhase section */

/* Begin PBXSourcesBuildPhase section */
		5EDAAD922A81FE4700745C8E /* Sources */ = {
			isa = PBXSourcesBuildPhase;
			buildActionMask = 2147483647;
			files = (
				5EDAAD9C2A81FE4700745C8E /* MovieChartView.swift in Sources */,
				5EDAADAA2A821E1E00745C8E /* MovieAPIData.swift in Sources */,
				5E0C8A552A82563B00B187C5 /* MovieListView.swift in Sources */,
				5E0C8A592A82730C00B187C5 /* privateKey.swift in Sources */,
				5E0C8A532A823FF200B187C5 /* TabsView.swift in Sources */,
				5E0C8A572A82598E00B187C5 /* MovieStore.swift in Sources */,
				5EDAAD9A2A81FE4700745C8E /* UsingAPIApp.swift in Sources */,
			);
			runOnlyForDeploymentPostprocessing = 0;
		};
/* End PBXSourcesBuildPhase section */

/* Begin XCBuildConfiguration section */
		5EDAADA22A81FE4900745C8E /* Debug */ = {
			isa = XCBuildConfiguration;
			buildSettings = {
				ALWAYS_SEARCH_USER_PATHS = NO;
				CLANG_ANALYZER_NONNULL = YES;
				CLANG_ANALYZER_NUMBER_OBJECT_CONVERSION = YES_AGGRESSIVE;
				CLANG_CXX_LANGUAGE_STANDARD = "gnu++20";
				CLANG_ENABLE_MODULES = YES;
				CLANG_ENABLE_OBJC_ARC = YES;
				CLANG_ENABLE_OBJC_WEAK = YES;
				CLANG_WARN_BLOCK_CAPTURE_AUTORELEASING = YES;
				CLANG_WARN_BOOL_CONVERSION = YES;
				CLANG_WARN_COMMA = YES;
				CLANG_WARN_CONSTANT_CONVERSION = YES;
				CLANG_WARN_DEPRECATED_OBJC_IMPLEMENTATIONS = YES;
				CLANG_WARN_DIRECT_OBJC_ISA_USAGE = YES_ERROR;
				CLANG_WARN_DOCUMENTATION_COMMENTS = YES;
				CLANG_WARN_EMPTY_BODY = YES;
				CLANG_WARN_ENUM_CONVERSION = YES;
				CLANG_WARN_INFINITE_RECURSION = YES;
				CLANG_WARN_INT_CONVERSION = YES;
				CLANG_WARN_NON_LITERAL_NULL_CONVERSION = YES;
				CLANG_WARN_OBJC_IMPLICIT_RETAIN_SELF = YES;
				CLANG_WARN_OBJC_LITERAL_CONVERSION = YES;
				CLANG_WARN_OBJC_ROOT_CLASS = YES_ERROR;
				CLANG_WARN_QUOTED_INCLUDE_IN_FRAMEWORK_HEADER = YES;
				CLANG_WARN_RANGE_LOOP_ANALYSIS = YES;
				CLANG_WARN_STRICT_PROTOTYPES = YES;
				CLANG_WARN_SUSPICIOUS_MOVE = YES;
				CLANG_WARN_UNGUARDED_AVAILABILITY = YES_AGGRESSIVE;
				CLANG_WARN_UNREACHABLE_CODE = YES;
				CLANG_WARN__DUPLICATE_METHOD_MATCH = YES;
				COPY_PHASE_STRIP = NO;
				DEBUG_INFORMATION_FORMAT = dwarf;
				ENABLE_STRICT_OBJC_MSGSEND = YES;
				ENABLE_TESTABILITY = YES;
				GCC_C_LANGUAGE_STANDARD = gnu11;
				GCC_DYNAMIC_NO_PIC = NO;
				GCC_NO_COMMON_BLOCKS = YES;
				GCC_OPTIMIZATION_LEVEL = 0;
				GCC_PREPROCESSOR_DEFINITIONS = (
					"DEBUG=1",
					"$(inherited)",
				);
				GCC_WARN_64_TO_32_BIT_CONVERSION = YES;
				GCC_WARN_ABOUT_RETURN_TYPE = YES_ERROR;
				GCC_WARN_UNDECLARED_SELECTOR = YES;
				GCC_WARN_UNINITIALIZED_AUTOS = YES_AGGRESSIVE;
				GCC_WARN_UNUSED_FUNCTION = YES;
				GCC_WARN_UNUSED_VARIABLE = YES;
				IPHONEOS_DEPLOYMENT_TARGET = 16.4;
				MTL_ENABLE_DEBUG_INFO = INCLUDE_SOURCE;
				MTL_FAST_MATH = YES;
				ONLY_ACTIVE_ARCH = YES;
				SDKROOT = iphoneos;
				SWIFT_ACTIVE_COMPILATION_CONDITIONS = DEBUG;
				SWIFT_OPTIMIZATION_LEVEL = "-Onone";
			};
			name = Debug;
		};
		5EDAADA32A81FE4900745C8E /* Release */ = {
			isa = XCBuildConfiguration;
			buildSettings = {
				ALWAYS_SEARCH_USER_PATHS = NO;
				CLANG_ANALYZER_NONNULL = YES;
				CLANG_ANALYZER_NUMBER_OBJECT_CONVERSION = YES_AGGRESSIVE;
				CLANG_CXX_LANGUAGE_STANDARD = "gnu++20";
				CLANG_ENABLE_MODULES = YES;
				CLANG_ENABLE_OBJC_ARC = YES;
				CLANG_ENABLE_OBJC_WEAK = YES;
				CLANG_WARN_BLOCK_CAPTURE_AUTORELEASING = YES;
				CLANG_WARN_BOOL_CONVERSION = YES;
				CLANG_WARN_COMMA = YES;
				CLANG_WARN_CONSTANT_CONVERSION = YES;
				CLANG_WARN_DEPRECATED_OBJC_IMPLEMENTATIONS = YES;
				CLANG_WARN_DIRECT_OBJC_ISA_USAGE = YES_ERROR;
				CLANG_WARN_DOCUMENTATION_COMMENTS = YES;
				CLANG_WARN_EMPTY_BODY = YES;
				CLANG_WARN_ENUM_CONVERSION = YES;
				CLANG_WARN_INFINITE_RECURSION = YES;
				CLANG_WARN_INT_CONVERSION = YES;
				CLANG_WARN_NON_LITERAL_NULL_CONVERSION = YES;
				CLANG_WARN_OBJC_IMPLICIT_RETAIN_SELF = YES;
				CLANG_WARN_OBJC_LITERAL_CONVERSION = YES;
				CLANG_WARN_OBJC_ROOT_CLASS = YES_ERROR;
				CLANG_WARN_QUOTED_INCLUDE_IN_FRAMEWORK_HEADER = YES;
				CLANG_WARN_RANGE_LOOP_ANALYSIS = YES;
				CLANG_WARN_STRICT_PROTOTYPES = YES;
				CLANG_WARN_SUSPICIOUS_MOVE = YES;
				CLANG_WARN_UNGUARDED_AVAILABILITY = YES_AGGRESSIVE;
				CLANG_WARN_UNREACHABLE_CODE = YES;
				CLANG_WARN__DUPLICATE_METHOD_MATCH = YES;
				COPY_PHASE_STRIP = NO;
				DEBUG_INFORMATION_FORMAT = "dwarf-with-dsym";
				ENABLE_NS_ASSERTIONS = NO;
				ENABLE_STRICT_OBJC_MSGSEND = YES;
				GCC_C_LANGUAGE_STANDARD = gnu11;
				GCC_NO_COMMON_BLOCKS = YES;
				GCC_WARN_64_TO_32_BIT_CONVERSION = YES;
				GCC_WARN_ABOUT_RETURN_TYPE = YES_ERROR;
				GCC_WARN_UNDECLARED_SELECTOR = YES;
				GCC_WARN_UNINITIALIZED_AUTOS = YES_AGGRESSIVE;
				GCC_WARN_UNUSED_FUNCTION = YES;
				GCC_WARN_UNUSED_VARIABLE = YES;
				IPHONEOS_DEPLOYMENT_TARGET = 16.4;
				MTL_ENABLE_DEBUG_INFO = NO;
				MTL_FAST_MATH = YES;
				SDKROOT = iphoneos;
				SWIFT_COMPILATION_MODE = wholemodule;
				SWIFT_OPTIMIZATION_LEVEL = "-O";
				VALIDATE_PRODUCT = YES;
			};
			name = Release;
		};
		5EDAADA52A81FE4900745C8E /* Debug */ = {
			isa = XCBuildConfiguration;
			buildSettings = {
				ASSETCATALOG_COMPILER_APPICON_NAME = AppIcon;
				ASSETCATALOG_COMPILER_GLOBAL_ACCENT_COLOR_NAME = AccentColor;
				CODE_SIGN_STYLE = Automatic;
				CURRENT_PROJECT_VERSION = 1;
				DEVELOPMENT_ASSET_PATHS = "\"UsingAPI/Preview Content\"";
				ENABLE_PREVIEWS = YES;
				GENERATE_INFOPLIST_FILE = YES;
				INFOPLIST_FILE = UsingAPI/Info.plist;
				INFOPLIST_KEY_UIApplicationSceneManifest_Generation = YES;
				INFOPLIST_KEY_UIApplicationSupportsIndirectInputEvents = YES;
				INFOPLIST_KEY_UILaunchScreen_Generation = YES;
				INFOPLIST_KEY_UISupportedInterfaceOrientations_iPad = "UIInterfaceOrientationPortrait UIInterfaceOrientationPortraitUpsideDown UIInterfaceOrientationLandscapeLeft UIInterfaceOrientationLandscapeRight";
				INFOPLIST_KEY_UISupportedInterfaceOrientations_iPhone = "UIInterfaceOrientationPortrait UIInterfaceOrientationLandscapeLeft UIInterfaceOrientationLandscapeRight";
				LD_RUNPATH_SEARCH_PATHS = (
					"$(inherited)",
					"@executable_path/Frameworks",
				);
				MARKETING_VERSION = 1.0;
				PRODUCT_BUNDLE_IDENTIFIER = com.IsakHam.UsingAPI;
				PRODUCT_NAME = "$(TARGET_NAME)";
				SWIFT_EMIT_LOC_STRINGS = YES;
				SWIFT_VERSION = 5.0;
				TARGETED_DEVICE_FAMILY = "1,2";
			};
			name = Debug;
		};
		5EDAADA62A81FE4900745C8E /* Release */ = {
			isa = XCBuildConfiguration;
			buildSettings = {
				ASSETCATALOG_COMPILER_APPICON_NAME = AppIcon;
				ASSETCATALOG_COMPILER_GLOBAL_ACCENT_COLOR_NAME = AccentColor;
				CODE_SIGN_STYLE = Automatic;
				CURRENT_PROJECT_VERSION = 1;
				DEVELOPMENT_ASSET_PATHS = "\"UsingAPI/Preview Content\"";
				ENABLE_PREVIEWS = YES;
				GENERATE_INFOPLIST_FILE = YES;
				INFOPLIST_FILE = UsingAPI/Info.plist;
				INFOPLIST_KEY_UIApplicationSceneManifest_Generation = YES;
				INFOPLIST_KEY_UIApplicationSupportsIndirectInputEvents = YES;
				INFOPLIST_KEY_UILaunchScreen_Generation = YES;
				INFOPLIST_KEY_UISupportedInterfaceOrientations_iPad = "UIInterfaceOrientationPortrait UIInterfaceOrientationPortraitUpsideDown UIInterfaceOrientationLandscapeLeft UIInterfaceOrientationLandscapeRight";
				INFOPLIST_KEY_UISupportedInterfaceOrientations_iPhone = "UIInterfaceOrientationPortrait UIInterfaceOrientationLandscapeLeft UIInterfaceOrientationLandscapeRight";
				LD_RUNPATH_SEARCH_PATHS = (
					"$(inherited)",
					"@executable_path/Frameworks",
				);
				MARKETING_VERSION = 1.0;
				PRODUCT_BUNDLE_IDENTIFIER = com.IsakHam.UsingAPI;
				PRODUCT_NAME = "$(TARGET_NAME)";
				SWIFT_EMIT_LOC_STRINGS = YES;
				SWIFT_VERSION = 5.0;
				TARGETED_DEVICE_FAMILY = "1,2";
			};
			name = Release;
		};
/* End XCBuildConfiguration section */

/* Begin XCConfigurationList section */
		5EDAAD912A81FE4700745C8E /* Build configuration list for PBXProject "UsingAPI" */ = {
			isa = XCConfigurationList;
			buildConfigurations = (
				5EDAADA22A81FE4900745C8E /* Debug */,
				5EDAADA32A81FE4900745C8E /* Release */,
			);
			defaultConfigurationIsVisible = 0;
			defaultConfigurationName = Release;
		};
		5EDAADA42A81FE4900745C8E /* Build configuration list for PBXNativeTarget "UsingAPI" */ = {
			isa = XCConfigurationList;
			buildConfigurations = (
				5EDAADA52A81FE4900745C8E /* Debug */,
				5EDAADA62A81FE4900745C8E /* Release */,
			);
			defaultConfigurationIsVisible = 0;
			defaultConfigurationName = Release;
		};
/* End XCConfigurationList section */
	};
	rootObject = 5EDAAD8E2A81FE4700745C8E /* Project object */;
}
