// !$*UTF8*$!
{
	archiveVersion = 1;
	classes = {
	};
	objectVersion = 56;
	objects = {

/* Begin PBXBuildFile section */
		513EB9D1AE75D243AF2D1E66 /* Pods_RxLearning.framework in Frameworks */ = {isa = PBXBuildFile; fileRef = 1D5B517A2468C77D442681AE /* Pods_RxLearning.framework */; };
		C92040A22B469F6900F14438 /* Coordinator.swift in Sources */ = {isa = PBXBuildFile; fileRef = C92040A12B469F6900F14438 /* Coordinator.swift */; };
		C92040A42B46A0DC00F14438 /* MainCoordinator.swift in Sources */ = {isa = PBXBuildFile; fileRef = C92040A32B46A0DC00F14438 /* MainCoordinator.swift */; };
		C92040A72B46A5A600F14438 /* MovieListView.swift in Sources */ = {isa = PBXBuildFile; fileRef = C92040A62B46A5A600F14438 /* MovieListView.swift */; };
		C92040A92B46A7FD00F14438 /* MovieCell.swift in Sources */ = {isa = PBXBuildFile; fileRef = C92040A82B46A7FD00F14438 /* MovieCell.swift */; };
		C92040AC2B46A8A900F14438 /* MovieDTO.swift in Sources */ = {isa = PBXBuildFile; fileRef = C92040AB2B46A8A900F14438 /* MovieDTO.swift */; };
		C92040AE2B46AB5100F14438 /* MovieInfo.swift in Sources */ = {isa = PBXBuildFile; fileRef = C92040AD2B46AB5100F14438 /* MovieInfo.swift */; };
		C92040B12B46AF5B00F14438 /* BoxOfficeEndPoint.swift in Sources */ = {isa = PBXBuildFile; fileRef = C92040B02B46AF5B00F14438 /* BoxOfficeEndPoint.swift */; };
		C92040B42B46B00300F14438 /* AppConfigurations.swift in Sources */ = {isa = PBXBuildFile; fileRef = C92040B32B46B00300F14438 /* AppConfigurations.swift */; };
		C935BAE92B3D929B00657AE7 /* AppDelegate.swift in Sources */ = {isa = PBXBuildFile; fileRef = C935BAE82B3D929B00657AE7 /* AppDelegate.swift */; };
		C935BAEB2B3D929B00657AE7 /* SceneDelegate.swift in Sources */ = {isa = PBXBuildFile; fileRef = C935BAEA2B3D929B00657AE7 /* SceneDelegate.swift */; };
		C935BAF22B3D929C00657AE7 /* Assets.xcassets in Resources */ = {isa = PBXBuildFile; fileRef = C935BAF12B3D929C00657AE7 /* Assets.xcassets */; };
		C935BAF52B3D929C00657AE7 /* LaunchScreen.storyboard in Resources */ = {isa = PBXBuildFile; fileRef = C935BAF32B3D929C00657AE7 /* LaunchScreen.storyboard */; };
/* End PBXBuildFile section */

/* Begin PBXFileReference section */
		1D5B517A2468C77D442681AE /* Pods_RxLearning.framework */ = {isa = PBXFileReference; explicitFileType = wrapper.framework; includeInIndex = 0; path = Pods_RxLearning.framework; sourceTree = BUILT_PRODUCTS_DIR; };
		6F225D445F6AA64B9B9C706A /* Pods-RxLearning.release.xcconfig */ = {isa = PBXFileReference; includeInIndex = 1; lastKnownFileType = text.xcconfig; name = "Pods-RxLearning.release.xcconfig"; path = "Target Support Files/Pods-RxLearning/Pods-RxLearning.release.xcconfig"; sourceTree = "<group>"; };
		78DDB1E4552AD32218F4D698 /* Pods-RxLearning.debug.xcconfig */ = {isa = PBXFileReference; includeInIndex = 1; lastKnownFileType = text.xcconfig; name = "Pods-RxLearning.debug.xcconfig"; path = "Target Support Files/Pods-RxLearning/Pods-RxLearning.debug.xcconfig"; sourceTree = "<group>"; };
		C92040A12B469F6900F14438 /* Coordinator.swift */ = {isa = PBXFileReference; lastKnownFileType = sourcecode.swift; path = Coordinator.swift; sourceTree = "<group>"; };
		C92040A32B46A0DC00F14438 /* MainCoordinator.swift */ = {isa = PBXFileReference; lastKnownFileType = sourcecode.swift; path = MainCoordinator.swift; sourceTree = "<group>"; };
		C92040A62B46A5A600F14438 /* MovieListView.swift */ = {isa = PBXFileReference; lastKnownFileType = sourcecode.swift; path = MovieListView.swift; sourceTree = "<group>"; };
		C92040A82B46A7FD00F14438 /* MovieCell.swift */ = {isa = PBXFileReference; lastKnownFileType = sourcecode.swift; path = MovieCell.swift; sourceTree = "<group>"; };
		C92040AB2B46A8A900F14438 /* MovieDTO.swift */ = {isa = PBXFileReference; lastKnownFileType = sourcecode.swift; path = MovieDTO.swift; sourceTree = "<group>"; };
		C92040AD2B46AB5100F14438 /* MovieInfo.swift */ = {isa = PBXFileReference; lastKnownFileType = sourcecode.swift; path = MovieInfo.swift; sourceTree = "<group>"; };
		C92040B02B46AF5B00F14438 /* BoxOfficeEndPoint.swift */ = {isa = PBXFileReference; lastKnownFileType = sourcecode.swift; path = BoxOfficeEndPoint.swift; sourceTree = "<group>"; };
		C92040B32B46B00300F14438 /* AppConfigurations.swift */ = {isa = PBXFileReference; lastKnownFileType = sourcecode.swift; path = AppConfigurations.swift; sourceTree = "<group>"; };
		C935BAE52B3D929B00657AE7 /* RxLearning.app */ = {isa = PBXFileReference; explicitFileType = wrapper.application; includeInIndex = 0; path = RxLearning.app; sourceTree = BUILT_PRODUCTS_DIR; };
		C935BAE82B3D929B00657AE7 /* AppDelegate.swift */ = {isa = PBXFileReference; lastKnownFileType = sourcecode.swift; path = AppDelegate.swift; sourceTree = "<group>"; };
		C935BAEA2B3D929B00657AE7 /* SceneDelegate.swift */ = {isa = PBXFileReference; lastKnownFileType = sourcecode.swift; path = SceneDelegate.swift; sourceTree = "<group>"; };
		C935BAF12B3D929C00657AE7 /* Assets.xcassets */ = {isa = PBXFileReference; lastKnownFileType = folder.assetcatalog; path = Assets.xcassets; sourceTree = "<group>"; };
		C935BAF42B3D929C00657AE7 /* Base */ = {isa = PBXFileReference; lastKnownFileType = file.storyboard; name = Base; path = Base.lproj/LaunchScreen.storyboard; sourceTree = "<group>"; };
		C935BAF62B3D929C00657AE7 /* Info.plist */ = {isa = PBXFileReference; lastKnownFileType = text.plist.xml; path = Info.plist; sourceTree = "<group>"; };
/* End PBXFileReference section */

/* Begin PBXFrameworksBuildPhase section */
		C935BAE22B3D929B00657AE7 /* Frameworks */ = {
			isa = PBXFrameworksBuildPhase;
			buildActionMask = 2147483647;
			files = (
				513EB9D1AE75D243AF2D1E66 /* Pods_RxLearning.framework in Frameworks */,
			);
			runOnlyForDeploymentPostprocessing = 0;
		};
/* End PBXFrameworksBuildPhase section */

/* Begin PBXGroup section */
		BFFB8E06C6EFD39893365B57 /* Pods */ = {
			isa = PBXGroup;
			children = (
				78DDB1E4552AD32218F4D698 /* Pods-RxLearning.debug.xcconfig */,
				6F225D445F6AA64B9B9C706A /* Pods-RxLearning.release.xcconfig */,
			);
			path = Pods;
			sourceTree = "<group>";
		};
		C92040A52B46A56D00F14438 /* MovieList */ = {
			isa = PBXGroup;
			children = (
				C9C0AA692B457D1700446329 /* View */,
				C9C0AA6A2B457D1B00446329 /* ViewModel */,
			);
			path = MovieList;
			sourceTree = "<group>";
		};
		C92040AA2B46A89A00F14438 /* DTO */ = {
			isa = PBXGroup;
			children = (
				C92040AB2B46A8A900F14438 /* MovieDTO.swift */,
			);
			path = DTO;
			sourceTree = "<group>";
		};
		C92040AF2B46AF4B00F14438 /* EndPoint */ = {
			isa = PBXGroup;
			children = (
				C92040B02B46AF5B00F14438 /* BoxOfficeEndPoint.swift */,
			);
			path = EndPoint;
			sourceTree = "<group>";
		};
		C935BADC2B3D929B00657AE7 = {
			isa = PBXGroup;
			children = (
				C935BAE72B3D929B00657AE7 /* RxLearning */,
				C935BAE62B3D929B00657AE7 /* Products */,
				BFFB8E06C6EFD39893365B57 /* Pods */,
				D705F6DDE97B87D3A161A69A /* Frameworks */,
			);
			sourceTree = "<group>";
		};
		C935BAE62B3D929B00657AE7 /* Products */ = {
			isa = PBXGroup;
			children = (
				C935BAE52B3D929B00657AE7 /* RxLearning.app */,
			);
			name = Products;
			sourceTree = "<group>";
		};
		C935BAE72B3D929B00657AE7 /* RxLearning */ = {
			isa = PBXGroup;
			children = (
				C9C0AA5F2B455E5E00446329 /* Application */,
				C9C0AA602B455E8C00446329 /* Data */,
				C9C0AA612B455EB000446329 /* Domain */,
				C9C0AA622B455EB800446329 /* Presentation */,
				C935BAF12B3D929C00657AE7 /* Assets.xcassets */,
				C935BAF32B3D929C00657AE7 /* LaunchScreen.storyboard */,
				C935BAF62B3D929C00657AE7 /* Info.plist */,
			);
			path = RxLearning;
			sourceTree = "<group>";
		};
		C9C0AA5F2B455E5E00446329 /* Application */ = {
			isa = PBXGroup;
			children = (
				C935BAE82B3D929B00657AE7 /* AppDelegate.swift */,
				C935BAEA2B3D929B00657AE7 /* SceneDelegate.swift */,
				C92040A12B469F6900F14438 /* Coordinator.swift */,
				C92040A32B46A0DC00F14438 /* MainCoordinator.swift */,
				C92040B32B46B00300F14438 /* AppConfigurations.swift */,
			);
			path = Application;
			sourceTree = "<group>";
		};
		C9C0AA602B455E8C00446329 /* Data */ = {
			isa = PBXGroup;
			children = (
				C9C0AA652B457CD300446329 /* Repositories */,
				C9C0AA642B457CCB00446329 /* Network */,
			);
			path = Data;
			sourceTree = "<group>";
		};
		C9C0AA612B455EB000446329 /* Domain */ = {
			isa = PBXGroup;
			children = (
				C9C0AA682B457CF600446329 /* Interfaces */,
				C9C0AA672B457CEC00446329 /* UseCases */,
				C9C0AA662B457CE700446329 /* Entities */,
			);
			path = Domain;
			sourceTree = "<group>";
		};
		C9C0AA622B455EB800446329 /* Presentation */ = {
			isa = PBXGroup;
			children = (
				C92040A52B46A56D00F14438 /* MovieList */,
			);
			path = Presentation;
			sourceTree = "<group>";
		};
		C9C0AA642B457CCB00446329 /* Network */ = {
			isa = PBXGroup;
			children = (
				C92040AF2B46AF4B00F14438 /* EndPoint */,
				C92040AA2B46A89A00F14438 /* DTO */,
			);
			path = Network;
			sourceTree = "<group>";
		};
		C9C0AA652B457CD300446329 /* Repositories */ = {
			isa = PBXGroup;
			children = (
			);
			path = Repositories;
			sourceTree = "<group>";
		};
		C9C0AA662B457CE700446329 /* Entities */ = {
			isa = PBXGroup;
			children = (
				C92040AD2B46AB5100F14438 /* MovieInfo.swift */,
			);
			path = Entities;
			sourceTree = "<group>";
		};
		C9C0AA672B457CEC00446329 /* UseCases */ = {
			isa = PBXGroup;
			children = (
			);
			path = UseCases;
			sourceTree = "<group>";
		};
		C9C0AA682B457CF600446329 /* Interfaces */ = {
			isa = PBXGroup;
			children = (
			);
			path = Interfaces;
			sourceTree = "<group>";
		};
		C9C0AA692B457D1700446329 /* View */ = {
			isa = PBXGroup;
			children = (
				C92040A62B46A5A600F14438 /* MovieListView.swift */,
				C92040A82B46A7FD00F14438 /* MovieCell.swift */,
			);
			path = View;
			sourceTree = "<group>";
		};
		C9C0AA6A2B457D1B00446329 /* ViewModel */ = {
			isa = PBXGroup;
			children = (
			);
			path = ViewModel;
			sourceTree = "<group>";
		};
		D705F6DDE97B87D3A161A69A /* Frameworks */ = {
			isa = PBXGroup;
			children = (
				1D5B517A2468C77D442681AE /* Pods_RxLearning.framework */,
			);
			name = Frameworks;
			sourceTree = "<group>";
		};
/* End PBXGroup section */

/* Begin PBXNativeTarget section */
		C935BAE42B3D929B00657AE7 /* RxLearning */ = {
			isa = PBXNativeTarget;
			buildConfigurationList = C935BAF92B3D929C00657AE7 /* Build configuration list for PBXNativeTarget "RxLearning" */;
			buildPhases = (
				65434F03EF563495FEF6E870 /* [CP] Check Pods Manifest.lock */,
				C935BAE12B3D929B00657AE7 /* Sources */,
				C935BAE22B3D929B00657AE7 /* Frameworks */,
				C935BAE32B3D929B00657AE7 /* Resources */,
				314B50A4D50B083BC3939BCF /* [CP] Embed Pods Frameworks */,
			);
			buildRules = (
			);
			dependencies = (
			);
			name = RxLearning;
			productName = RxLearning;
			productReference = C935BAE52B3D929B00657AE7 /* RxLearning.app */;
			productType = "com.apple.product-type.application";
		};
/* End PBXNativeTarget section */

/* Begin PBXProject section */
		C935BADD2B3D929B00657AE7 /* Project object */ = {
			isa = PBXProject;
			attributes = {
				BuildIndependentTargetsInParallel = 1;
				LastSwiftUpdateCheck = 1500;
				LastUpgradeCheck = 1500;
				TargetAttributes = {
					C935BAE42B3D929B00657AE7 = {
						CreatedOnToolsVersion = 15.0;
					};
				};
			};
			buildConfigurationList = C935BAE02B3D929B00657AE7 /* Build configuration list for PBXProject "RxLearning" */;
			compatibilityVersion = "Xcode 14.0";
			developmentRegion = en;
			hasScannedForEncodings = 0;
			knownRegions = (
				en,
				Base,
			);
			mainGroup = C935BADC2B3D929B00657AE7;
			productRefGroup = C935BAE62B3D929B00657AE7 /* Products */;
			projectDirPath = "";
			projectRoot = "";
			targets = (
				C935BAE42B3D929B00657AE7 /* RxLearning */,
			);
		};
/* End PBXProject section */

/* Begin PBXResourcesBuildPhase section */
		C935BAE32B3D929B00657AE7 /* Resources */ = {
			isa = PBXResourcesBuildPhase;
			buildActionMask = 2147483647;
			files = (
				C935BAF52B3D929C00657AE7 /* LaunchScreen.storyboard in Resources */,
				C935BAF22B3D929C00657AE7 /* Assets.xcassets in Resources */,
			);
			runOnlyForDeploymentPostprocessing = 0;
		};
/* End PBXResourcesBuildPhase section */

/* Begin PBXShellScriptBuildPhase section */
		314B50A4D50B083BC3939BCF /* [CP] Embed Pods Frameworks */ = {
			isa = PBXShellScriptBuildPhase;
			buildActionMask = 2147483647;
			files = (
			);
			inputFileListPaths = (
				"${PODS_ROOT}/Target Support Files/Pods-RxLearning/Pods-RxLearning-frameworks-${CONFIGURATION}-input-files.xcfilelist",
			);
			name = "[CP] Embed Pods Frameworks";
			outputFileListPaths = (
				"${PODS_ROOT}/Target Support Files/Pods-RxLearning/Pods-RxLearning-frameworks-${CONFIGURATION}-output-files.xcfilelist",
			);
			runOnlyForDeploymentPostprocessing = 0;
			shellPath = /bin/sh;
			shellScript = "\"${PODS_ROOT}/Target Support Files/Pods-RxLearning/Pods-RxLearning-frameworks.sh\"\n";
			showEnvVarsInLog = 0;
		};
		65434F03EF563495FEF6E870 /* [CP] Check Pods Manifest.lock */ = {
			isa = PBXShellScriptBuildPhase;
			buildActionMask = 2147483647;
			files = (
			);
			inputFileListPaths = (
			);
			inputPaths = (
				"${PODS_PODFILE_DIR_PATH}/Podfile.lock",
				"${PODS_ROOT}/Manifest.lock",
			);
			name = "[CP] Check Pods Manifest.lock";
			outputFileListPaths = (
			);
			outputPaths = (
				"$(DERIVED_FILE_DIR)/Pods-RxLearning-checkManifestLockResult.txt",
			);
			runOnlyForDeploymentPostprocessing = 0;
			shellPath = /bin/sh;
			shellScript = "diff \"${PODS_PODFILE_DIR_PATH}/Podfile.lock\" \"${PODS_ROOT}/Manifest.lock\" > /dev/null\nif [ $? != 0 ] ; then\n    # print error to STDERR\n    echo \"error: The sandbox is not in sync with the Podfile.lock. Run 'pod install' or update your CocoaPods installation.\" >&2\n    exit 1\nfi\n# This output is used by Xcode 'outputs' to avoid re-running this script phase.\necho \"SUCCESS\" > \"${SCRIPT_OUTPUT_FILE_0}\"\n";
			showEnvVarsInLog = 0;
		};
/* End PBXShellScriptBuildPhase section */

/* Begin PBXSourcesBuildPhase section */
		C935BAE12B3D929B00657AE7 /* Sources */ = {
			isa = PBXSourcesBuildPhase;
			buildActionMask = 2147483647;
			files = (
				C92040B12B46AF5B00F14438 /* BoxOfficeEndPoint.swift in Sources */,
				C92040A92B46A7FD00F14438 /* MovieCell.swift in Sources */,
				C92040A22B469F6900F14438 /* Coordinator.swift in Sources */,
				C935BAE92B3D929B00657AE7 /* AppDelegate.swift in Sources */,
				C92040AC2B46A8A900F14438 /* MovieDTO.swift in Sources */,
				C92040A72B46A5A600F14438 /* MovieListView.swift in Sources */,
				C92040A42B46A0DC00F14438 /* MainCoordinator.swift in Sources */,
				C92040AE2B46AB5100F14438 /* MovieInfo.swift in Sources */,
				C92040B42B46B00300F14438 /* AppConfigurations.swift in Sources */,
				C935BAEB2B3D929B00657AE7 /* SceneDelegate.swift in Sources */,
			);
			runOnlyForDeploymentPostprocessing = 0;
		};
/* End PBXSourcesBuildPhase section */

/* Begin PBXVariantGroup section */
		C935BAF32B3D929C00657AE7 /* LaunchScreen.storyboard */ = {
			isa = PBXVariantGroup;
			children = (
				C935BAF42B3D929C00657AE7 /* Base */,
			);
			name = LaunchScreen.storyboard;
			sourceTree = "<group>";
		};
/* End PBXVariantGroup section */

/* Begin XCBuildConfiguration section */
		C935BAF72B3D929C00657AE7 /* Debug */ = {
			isa = XCBuildConfiguration;
			buildSettings = {
				ALWAYS_SEARCH_USER_PATHS = NO;
				ASSETCATALOG_COMPILER_GENERATE_SWIFT_ASSET_SYMBOL_EXTENSIONS = YES;
				CLANG_ANALYZER_NONNULL = YES;
				CLANG_ANALYZER_NUMBER_OBJECT_CONVERSION = YES_AGGRESSIVE;
				CLANG_CXX_LANGUAGE_STANDARD = "gnu++20";
				CLANG_ENABLE_MODULES = YES;
				CLANG_ENABLE_OBJC_ARC = YES;
				CLANG_ENABLE_OBJC_WEAK = YES;
				CLANG_WARN_BLOCK_CAPTURE_AUTORELEASING = YES;
				CLANG_WARN_BOOL_CONVERSION = YES;
				CLANG_WARN_COMMA = YES;
				CLANG_WARN_CONSTANT_CONVERSION = YES;
				CLANG_WARN_DEPRECATED_OBJC_IMPLEMENTATIONS = YES;
				CLANG_WARN_DIRECT_OBJC_ISA_USAGE = YES_ERROR;
				CLANG_WARN_DOCUMENTATION_COMMENTS = YES;
				CLANG_WARN_EMPTY_BODY = YES;
				CLANG_WARN_ENUM_CONVERSION = YES;
				CLANG_WARN_INFINITE_RECURSION = YES;
				CLANG_WARN_INT_CONVERSION = YES;
				CLANG_WARN_NON_LITERAL_NULL_CONVERSION = YES;
				CLANG_WARN_OBJC_IMPLICIT_RETAIN_SELF = YES;
				CLANG_WARN_OBJC_LITERAL_CONVERSION = YES;
				CLANG_WARN_OBJC_ROOT_CLASS = YES_ERROR;
				CLANG_WARN_QUOTED_INCLUDE_IN_FRAMEWORK_HEADER = YES;
				CLANG_WARN_RANGE_LOOP_ANALYSIS = YES;
				CLANG_WARN_STRICT_PROTOTYPES = YES;
				CLANG_WARN_SUSPICIOUS_MOVE = YES;
				CLANG_WARN_UNGUARDED_AVAILABILITY = YES_AGGRESSIVE;
				CLANG_WARN_UNREACHABLE_CODE = YES;
				CLANG_WARN__DUPLICATE_METHOD_MATCH = YES;
				COPY_PHASE_STRIP = NO;
				DEBUG_INFORMATION_FORMAT = dwarf;
				ENABLE_STRICT_OBJC_MSGSEND = YES;
				ENABLE_TESTABILITY = YES;
				ENABLE_USER_SCRIPT_SANDBOXING = YES;
				GCC_C_LANGUAGE_STANDARD = gnu17;
				GCC_DYNAMIC_NO_PIC = NO;
				GCC_NO_COMMON_BLOCKS = YES;
				GCC_OPTIMIZATION_LEVEL = 0;
				GCC_PREPROCESSOR_DEFINITIONS = (
					"DEBUG=1",
					"$(inherited)",
				);
				GCC_WARN_64_TO_32_BIT_CONVERSION = YES;
				GCC_WARN_ABOUT_RETURN_TYPE = YES_ERROR;
				GCC_WARN_UNDECLARED_SELECTOR = YES;
				GCC_WARN_UNINITIALIZED_AUTOS = YES_AGGRESSIVE;
				GCC_WARN_UNUSED_FUNCTION = YES;
				GCC_WARN_UNUSED_VARIABLE = YES;
				IPHONEOS_DEPLOYMENT_TARGET = 16.0;
				LOCALIZATION_PREFERS_STRING_CATALOGS = YES;
				MTL_ENABLE_DEBUG_INFO = INCLUDE_SOURCE;
				MTL_FAST_MATH = YES;
				ONLY_ACTIVE_ARCH = YES;
				SDKROOT = iphoneos;
				SWIFT_ACTIVE_COMPILATION_CONDITIONS = "DEBUG $(inherited)";
				SWIFT_OPTIMIZATION_LEVEL = "-Onone";
			};
			name = Debug;
		};
		C935BAF82B3D929C00657AE7 /* Release */ = {
			isa = XCBuildConfiguration;
			buildSettings = {
				ALWAYS_SEARCH_USER_PATHS = NO;
				ASSETCATALOG_COMPILER_GENERATE_SWIFT_ASSET_SYMBOL_EXTENSIONS = YES;
				CLANG_ANALYZER_NONNULL = YES;
				CLANG_ANALYZER_NUMBER_OBJECT_CONVERSION = YES_AGGRESSIVE;
				CLANG_CXX_LANGUAGE_STANDARD = "gnu++20";
				CLANG_ENABLE_MODULES = YES;
				CLANG_ENABLE_OBJC_ARC = YES;
				CLANG_ENABLE_OBJC_WEAK = YES;
				CLANG_WARN_BLOCK_CAPTURE_AUTORELEASING = YES;
				CLANG_WARN_BOOL_CONVERSION = YES;
				CLANG_WARN_COMMA = YES;
				CLANG_WARN_CONSTANT_CONVERSION = YES;
				CLANG_WARN_DEPRECATED_OBJC_IMPLEMENTATIONS = YES;
				CLANG_WARN_DIRECT_OBJC_ISA_USAGE = YES_ERROR;
				CLANG_WARN_DOCUMENTATION_COMMENTS = YES;
				CLANG_WARN_EMPTY_BODY = YES;
				CLANG_WARN_ENUM_CONVERSION = YES;
				CLANG_WARN_INFINITE_RECURSION = YES;
				CLANG_WARN_INT_CONVERSION = YES;
				CLANG_WARN_NON_LITERAL_NULL_CONVERSION = YES;
				CLANG_WARN_OBJC_IMPLICIT_RETAIN_SELF = YES;
				CLANG_WARN_OBJC_LITERAL_CONVERSION = YES;
				CLANG_WARN_OBJC_ROOT_CLASS = YES_ERROR;
				CLANG_WARN_QUOTED_INCLUDE_IN_FRAMEWORK_HEADER = YES;
				CLANG_WARN_RANGE_LOOP_ANALYSIS = YES;
				CLANG_WARN_STRICT_PROTOTYPES = YES;
				CLANG_WARN_SUSPICIOUS_MOVE = YES;
				CLANG_WARN_UNGUARDED_AVAILABILITY = YES_AGGRESSIVE;
				CLANG_WARN_UNREACHABLE_CODE = YES;
				CLANG_WARN__DUPLICATE_METHOD_MATCH = YES;
				COPY_PHASE_STRIP = NO;
				DEBUG_INFORMATION_FORMAT = "dwarf-with-dsym";
				ENABLE_NS_ASSERTIONS = NO;
				ENABLE_STRICT_OBJC_MSGSEND = YES;
				ENABLE_USER_SCRIPT_SANDBOXING = YES;
				GCC_C_LANGUAGE_STANDARD = gnu17;
				GCC_NO_COMMON_BLOCKS = YES;
				GCC_WARN_64_TO_32_BIT_CONVERSION = YES;
				GCC_WARN_ABOUT_RETURN_TYPE = YES_ERROR;
				GCC_WARN_UNDECLARED_SELECTOR = YES;
				GCC_WARN_UNINITIALIZED_AUTOS = YES_AGGRESSIVE;
				GCC_WARN_UNUSED_FUNCTION = YES;
				GCC_WARN_UNUSED_VARIABLE = YES;
				IPHONEOS_DEPLOYMENT_TARGET = 16.0;
				LOCALIZATION_PREFERS_STRING_CATALOGS = YES;
				MTL_ENABLE_DEBUG_INFO = NO;
				MTL_FAST_MATH = YES;
				SDKROOT = iphoneos;
				SWIFT_COMPILATION_MODE = wholemodule;
				VALIDATE_PRODUCT = YES;
			};
			name = Release;
		};
		C935BAFA2B3D929C00657AE7 /* Debug */ = {
			isa = XCBuildConfiguration;
			baseConfigurationReference = 78DDB1E4552AD32218F4D698 /* Pods-RxLearning.debug.xcconfig */;
			buildSettings = {
				ASSETCATALOG_COMPILER_APPICON_NAME = AppIcon;
				ASSETCATALOG_COMPILER_GLOBAL_ACCENT_COLOR_NAME = AccentColor;
				CODE_SIGN_STYLE = Automatic;
				CURRENT_PROJECT_VERSION = 1;
				GENERATE_INFOPLIST_FILE = YES;
				INFOPLIST_FILE = RxLearning/Info.plist;
				INFOPLIST_KEY_UIApplicationSupportsIndirectInputEvents = YES;
				INFOPLIST_KEY_UILaunchStoryboardName = LaunchScreen;
				INFOPLIST_KEY_UISupportedInterfaceOrientations_iPad = "UIInterfaceOrientationPortrait UIInterfaceOrientationPortraitUpsideDown UIInterfaceOrientationLandscapeLeft UIInterfaceOrientationLandscapeRight";
				INFOPLIST_KEY_UISupportedInterfaceOrientations_iPhone = "UIInterfaceOrientationPortrait UIInterfaceOrientationLandscapeLeft UIInterfaceOrientationLandscapeRight";
				IPHONEOS_DEPLOYMENT_TARGET = 16.0;
				LD_RUNPATH_SEARCH_PATHS = (
					"$(inherited)",
					"@executable_path/Frameworks",
				);
				MARKETING_VERSION = 1.0;
				PRODUCT_BUNDLE_IDENTIFIER = com.isakHam.RxLearning;
				PRODUCT_NAME = "$(TARGET_NAME)";
				SUPPORTED_PLATFORMS = "iphoneos iphonesimulator";
				SUPPORTS_MACCATALYST = NO;
				SUPPORTS_MAC_DESIGNED_FOR_IPHONE_IPAD = NO;
				SWIFT_EMIT_LOC_STRINGS = YES;
				SWIFT_VERSION = 5.0;
				TARGETED_DEVICE_FAMILY = 1;
			};
			name = Debug;
		};
		C935BAFB2B3D929C00657AE7 /* Release */ = {
			isa = XCBuildConfiguration;
			baseConfigurationReference = 6F225D445F6AA64B9B9C706A /* Pods-RxLearning.release.xcconfig */;
			buildSettings = {
				ASSETCATALOG_COMPILER_APPICON_NAME = AppIcon;
				ASSETCATALOG_COMPILER_GLOBAL_ACCENT_COLOR_NAME = AccentColor;
				CODE_SIGN_STYLE = Automatic;
				CURRENT_PROJECT_VERSION = 1;
				GENERATE_INFOPLIST_FILE = YES;
				INFOPLIST_FILE = RxLearning/Info.plist;
				INFOPLIST_KEY_UIApplicationSupportsIndirectInputEvents = YES;
				INFOPLIST_KEY_UILaunchStoryboardName = LaunchScreen;
				INFOPLIST_KEY_UISupportedInterfaceOrientations_iPad = "UIInterfaceOrientationPortrait UIInterfaceOrientationPortraitUpsideDown UIInterfaceOrientationLandscapeLeft UIInterfaceOrientationLandscapeRight";
				INFOPLIST_KEY_UISupportedInterfaceOrientations_iPhone = "UIInterfaceOrientationPortrait UIInterfaceOrientationLandscapeLeft UIInterfaceOrientationLandscapeRight";
				IPHONEOS_DEPLOYMENT_TARGET = 16.0;
				LD_RUNPATH_SEARCH_PATHS = (
					"$(inherited)",
					"@executable_path/Frameworks",
				);
				MARKETING_VERSION = 1.0;
				PRODUCT_BUNDLE_IDENTIFIER = com.isakHam.RxLearning;
				PRODUCT_NAME = "$(TARGET_NAME)";
				SUPPORTED_PLATFORMS = "iphoneos iphonesimulator";
				SUPPORTS_MACCATALYST = NO;
				SUPPORTS_MAC_DESIGNED_FOR_IPHONE_IPAD = NO;
				SWIFT_EMIT_LOC_STRINGS = YES;
				SWIFT_VERSION = 5.0;
				TARGETED_DEVICE_FAMILY = 1;
			};
			name = Release;
		};
/* End XCBuildConfiguration section */

/* Begin XCConfigurationList section */
		C935BAE02B3D929B00657AE7 /* Build configuration list for PBXProject "RxLearning" */ = {
			isa = XCConfigurationList;
			buildConfigurations = (
				C935BAF72B3D929C00657AE7 /* Debug */,
				C935BAF82B3D929C00657AE7 /* Release */,
			);
			defaultConfigurationIsVisible = 0;
			defaultConfigurationName = Release;
		};
		C935BAF92B3D929C00657AE7 /* Build configuration list for PBXNativeTarget "RxLearning" */ = {
			isa = XCConfigurationList;
			buildConfigurations = (
				C935BAFA2B3D929C00657AE7 /* Debug */,
				C935BAFB2B3D929C00657AE7 /* Release */,
			);
			defaultConfigurationIsVisible = 0;
			defaultConfigurationName = Release;
		};
/* End XCConfigurationList section */
	};
	rootObject = C935BADD2B3D929B00657AE7 /* Project object */;
}
